// !$*UTF8*$!
{
	archiveVersion = 1;
	classes = {
	};
	objectVersion = 46;
	objects = {

/* Begin PBXBuildFile section */
		D91A69EF18BFE59C00360E7F /* Foundation.framework in Frameworks */ = {isa = PBXBuildFile; fileRef = D91A69EE18BFE59C00360E7F /* Foundation.framework */; };
		D91A69F118BFE59C00360E7F /* CoreGraphics.framework in Frameworks */ = {isa = PBXBuildFile; fileRef = D91A69F018BFE59C00360E7F /* CoreGraphics.framework */; };
		D91A69F318BFE59C00360E7F /* UIKit.framework in Frameworks */ = {isa = PBXBuildFile; fileRef = D91A69F218BFE59C00360E7F /* UIKit.framework */; };
		D91A69F918BFE59C00360E7F /* InfoPlist.strings in Resources */ = {isa = PBXBuildFile; fileRef = D91A69F718BFE59C00360E7F /* InfoPlist.strings */; };
		D91A69FB18BFE59C00360E7F /* main.m in Sources */ = {isa = PBXBuildFile; fileRef = D91A69FA18BFE59C00360E7F /* main.m */; };
		D91A69FF18BFE59C00360E7F /* AppDelegate.m in Sources */ = {isa = PBXBuildFile; fileRef = D91A69FE18BFE59C00360E7F /* AppDelegate.m */; };
		D91A6A0118BFE59C00360E7F /* Images.xcassets in Resources */ = {isa = PBXBuildFile; fileRef = D91A6A0018BFE59C00360E7F /* Images.xcassets */; };
		D91A6A0818BFE59C00360E7F /* XCTest.framework in Frameworks */ = {isa = PBXBuildFile; fileRef = D91A6A0718BFE59C00360E7F /* XCTest.framework */; };
		D91A6A0918BFE59C00360E7F /* Foundation.framework in Frameworks */ = {isa = PBXBuildFile; fileRef = D91A69EE18BFE59C00360E7F /* Foundation.framework */; };
		D91A6A0A18BFE59C00360E7F /* UIKit.framework in Frameworks */ = {isa = PBXBuildFile; fileRef = D91A69F218BFE59C00360E7F /* UIKit.framework */; };
		D91A6A1218BFE59C00360E7F /* InfoPlist.strings in Resources */ = {isa = PBXBuildFile; fileRef = D91A6A1018BFE59C00360E7F /* InfoPlist.strings */; };
		D91A6A1418BFE59C00360E7F /* ExoBrainCloneTests.m in Sources */ = {isa = PBXBuildFile; fileRef = D91A6A1318BFE59C00360E7F /* ExoBrainCloneTests.m */; };
		D91A6A1F18BFE5BD00360E7F /* MainViewController.m in Sources */ = {isa = PBXBuildFile; fileRef = D91A6A1E18BFE5BD00360E7F /* MainViewController.m */; };
/* End PBXBuildFile section */

/* Begin PBXContainerItemProxy section */
		D91A6A0B18BFE59C00360E7F /* PBXContainerItemProxy */ = {
			isa = PBXContainerItemProxy;
			containerPortal = D91A69E318BFE59B00360E7F /* Project object */;
			proxyType = 1;
			remoteGlobalIDString = D91A69EA18BFE59C00360E7F;
			remoteInfo = ExoBrainClone;
		};
/* End PBXContainerItemProxy section */

/* Begin PBXFileReference section */
		D91A69EB18BFE59C00360E7F /* ExoBrainClone.app */ = {isa = PBXFileReference; explicitFileType = wrapper.application; includeInIndex = 0; path = ExoBrainClone.app; sourceTree = BUILT_PRODUCTS_DIR; };
		D91A69EE18BFE59C00360E7F /* Foundation.framework */ = {isa = PBXFileReference; lastKnownFileType = wrapper.framework; name = Foundation.framework; path = System/Library/Frameworks/Foundation.framework; sourceTree = SDKROOT; };
		D91A69F018BFE59C00360E7F /* CoreGraphics.framework */ = {isa = PBXFileReference; lastKnownFileType = wrapper.framework; name = CoreGraphics.framework; path = System/Library/Frameworks/CoreGraphics.framework; sourceTree = SDKROOT; };
		D91A69F218BFE59C00360E7F /* UIKit.framework */ = {isa = PBXFileReference; lastKnownFileType = wrapper.framework; name = UIKit.framework; path = System/Library/Frameworks/UIKit.framework; sourceTree = SDKROOT; };
		D91A69F618BFE59C00360E7F /* ExoBrainClone-Info.plist */ = {isa = PBXFileReference; lastKnownFileType = text.plist.xml; path = "ExoBrainClone-Info.plist"; sourceTree = "<group>"; };
		D91A69F818BFE59C00360E7F /* en */ = {isa = PBXFileReference; lastKnownFileType = text.plist.strings; name = en; path = en.lproj/InfoPlist.strings; sourceTree = "<group>"; };
		D91A69FA18BFE59C00360E7F /* main.m */ = {isa = PBXFileReference; lastKnownFileType = sourcecode.c.objc; path = main.m; sourceTree = "<group>"; };
		D91A69FC18BFE59C00360E7F /* ExoBrainClone-Prefix.pch */ = {isa = PBXFileReference; lastKnownFileType = sourcecode.c.h; path = "ExoBrainClone-Prefix.pch"; sourceTree = "<group>"; };
		D91A69FD18BFE59C00360E7F /* AppDelegate.h */ = {isa = PBXFileReference; lastKnownFileType = sourcecode.c.h; path = AppDelegate.h; sourceTree = "<group>"; };
		D91A69FE18BFE59C00360E7F /* AppDelegate.m */ = {isa = PBXFileReference; lastKnownFileType = sourcecode.c.objc; path = AppDelegate.m; sourceTree = "<group>"; };
		D91A6A0018BFE59C00360E7F /* Images.xcassets */ = {isa = PBXFileReference; lastKnownFileType = folder.assetcatalog; path = Images.xcassets; sourceTree = "<group>"; };
		D91A6A0618BFE59C00360E7F /* ExoBrainCloneTests.xctest */ = {isa = PBXFileReference; explicitFileType = wrapper.cfbundle; includeInIndex = 0; path = ExoBrainCloneTests.xctest; sourceTree = BUILT_PRODUCTS_DIR; };
		D91A6A0718BFE59C00360E7F /* XCTest.framework */ = {isa = PBXFileReference; lastKnownFileType = wrapper.framework; name = XCTest.framework; path = Library/Frameworks/XCTest.framework; sourceTree = DEVELOPER_DIR; };
		D91A6A0F18BFE59C00360E7F /* ExoBrainCloneTests-Info.plist */ = {isa = PBXFileReference; lastKnownFileType = text.plist.xml; path = "ExoBrainCloneTests-Info.plist"; sourceTree = "<group>"; };
		D91A6A1118BFE59C00360E7F /* en */ = {isa = PBXFileReference; lastKnownFileType = text.plist.strings; name = en; path = en.lproj/InfoPlist.strings; sourceTree = "<group>"; };
		D91A6A1318BFE59C00360E7F /* ExoBrainCloneTests.m */ = {isa = PBXFileReference; lastKnownFileType = sourcecode.c.objc; path = ExoBrainCloneTests.m; sourceTree = "<group>"; };
		D91A6A1D18BFE5BD00360E7F /* MainViewController.h */ = {isa = PBXFileReference; fileEncoding = 4; lastKnownFileType = sourcecode.c.h; path = MainViewController.h; sourceTree = "<group>"; };
		D91A6A1E18BFE5BD00360E7F /* MainViewController.m */ = {isa = PBXFileReference; fileEncoding = 4; lastKnownFileType = sourcecode.c.objc; path = MainViewController.m; sourceTree = "<group>"; };
/* End PBXFileReference section */

/* Begin PBXFrameworksBuildPhase section */
		D91A69E818BFE59C00360E7F /* Frameworks */ = {
			isa = PBXFrameworksBuildPhase;
			buildActionMask = 2147483647;
			files = (
				D91A69F118BFE59C00360E7F /* CoreGraphics.framework in Frameworks */,
				D91A69F318BFE59C00360E7F /* UIKit.framework in Frameworks */,
				D91A69EF18BFE59C00360E7F /* Foundation.framework in Frameworks */,
			);
			runOnlyForDeploymentPostprocessing = 0;
		};
		D91A6A0318BFE59C00360E7F /* Frameworks */ = {
			isa = PBXFrameworksBuildPhase;
			buildActionMask = 2147483647;
			files = (
				D91A6A0818BFE59C00360E7F /* XCTest.framework in Frameworks */,
				D91A6A0A18BFE59C00360E7F /* UIKit.framework in Frameworks */,
				D91A6A0918BFE59C00360E7F /* Foundation.framework in Frameworks */,
			);
			runOnlyForDeploymentPostprocessing = 0;
		};
/* End PBXFrameworksBuildPhase section */

/* Begin PBXGroup section */
		D91A69E218BFE59B00360E7F = {
			isa = PBXGroup;
			children = (
				D91A69F418BFE59C00360E7F /* ExoBrainClone */,
				D91A6A0D18BFE59C00360E7F /* ExoBrainCloneTests */,
				D91A69ED18BFE59C00360E7F /* Frameworks */,
				D91A69EC18BFE59C00360E7F /* Products */,
			);
			sourceTree = "<group>";
		};
		D91A69EC18BFE59C00360E7F /* Products */ = {
			isa = PBXGroup;
			children = (
				D91A69EB18BFE59C00360E7F /* ExoBrainClone.app */,
				D91A6A0618BFE59C00360E7F /* ExoBrainCloneTests.xctest */,
			);
			name = Products;
			sourceTree = "<group>";
		};
		D91A69ED18BFE59C00360E7F /* Frameworks */ = {
			isa = PBXGroup;
			children = (
				D91A69EE18BFE59C00360E7F /* Foundation.framework */,
				D91A69F018BFE59C00360E7F /* CoreGraphics.framework */,
				D91A69F218BFE59C00360E7F /* UIKit.framework */,
				D91A6A0718BFE59C00360E7F /* XCTest.framework */,
			);
			name = Frameworks;
			sourceTree = "<group>";
		};
		D91A69F418BFE59C00360E7F /* ExoBrainClone */ = {
			isa = PBXGroup;
			children = (
				D91A69FD18BFE59C00360E7F /* AppDelegate.h */,
				D91A69FE18BFE59C00360E7F /* AppDelegate.m */,
				D91A6A0018BFE59C00360E7F /* Images.xcassets */,
				D91A69F518BFE59C00360E7F /* Supporting Files */,
				D91A6A1D18BFE5BD00360E7F /* MainViewController.h */,
				D91A6A1E18BFE5BD00360E7F /* MainViewController.m */,
			);
			path = ExoBrainClone;
			sourceTree = "<group>";
		};
		D91A69F518BFE59C00360E7F /* Supporting Files */ = {
			isa = PBXGroup;
			children = (
				D91A69F618BFE59C00360E7F /* ExoBrainClone-Info.plist */,
				D91A69F718BFE59C00360E7F /* InfoPlist.strings */,
				D91A69FA18BFE59C00360E7F /* main.m */,
				D91A69FC18BFE59C00360E7F /* ExoBrainClone-Prefix.pch */,
			);
			name = "Supporting Files";
			sourceTree = "<group>";
		};
		D91A6A0D18BFE59C00360E7F /* ExoBrainCloneTests */ = {
			isa = PBXGroup;
			children = (
				D91A6A1318BFE59C00360E7F /* ExoBrainCloneTests.m */,
				D91A6A0E18BFE59C00360E7F /* Supporting Files */,
			);
			path = ExoBrainCloneTests;
			sourceTree = "<group>";
		};
		D91A6A0E18BFE59C00360E7F /* Supporting Files */ = {
			isa = PBXGroup;
			children = (
				D91A6A0F18BFE59C00360E7F /* ExoBrainCloneTests-Info.plist */,
				D91A6A1018BFE59C00360E7F /* InfoPlist.strings */,
			);
			name = "Supporting Files";
			sourceTree = "<group>";
		};
/* End PBXGroup section */

/* Begin PBXNativeTarget section */
		D91A69EA18BFE59C00360E7F /* ExoBrainClone */ = {
			isa = PBXNativeTarget;
			buildConfigurationList = D91A6A1718BFE59C00360E7F /* Build configuration list for PBXNativeTarget "ExoBrainClone" */;
			buildPhases = (
				D91A69E718BFE59C00360E7F /* Sources */,
				D91A69E818BFE59C00360E7F /* Frameworks */,
				D91A69E918BFE59C00360E7F /* Resources */,
			);
			buildRules = (
			);
			dependencies = (
			);
			name = ExoBrainClone;
			productName = ExoBrainClone;
			productReference = D91A69EB18BFE59C00360E7F /* ExoBrainClone.app */;
			productType = "com.apple.product-type.application";
		};
		D91A6A0518BFE59C00360E7F /* ExoBrainCloneTests */ = {
			isa = PBXNativeTarget;
			buildConfigurationList = D91A6A1A18BFE59C00360E7F /* Build configuration list for PBXNativeTarget "ExoBrainCloneTests" */;
			buildPhases = (
				D91A6A0218BFE59C00360E7F /* Sources */,
				D91A6A0318BFE59C00360E7F /* Frameworks */,
				D91A6A0418BFE59C00360E7F /* Resources */,
			);
			buildRules = (
			);
			dependencies = (
				D91A6A0C18BFE59C00360E7F /* PBXTargetDependency */,
			);
			name = ExoBrainCloneTests;
			productName = ExoBrainCloneTests;
			productReference = D91A6A0618BFE59C00360E7F /* ExoBrainCloneTests.xctest */;
			productType = "com.apple.product-type.bundle.unit-test";
		};
/* End PBXNativeTarget section */

/* Begin PBXProject section */
		D91A69E318BFE59B00360E7F /* Project object */ = {
			isa = PBXProject;
			attributes = {
				LastUpgradeCheck = 0500;
				ORGANIZATIONNAME = "Aaron Carambula";
				TargetAttributes = {
					D91A6A0518BFE59C00360E7F = {
						TestTargetID = D91A69EA18BFE59C00360E7F;
					};
				};
			};
			buildConfigurationList = D91A69E618BFE59B00360E7F /* Build configuration list for PBXProject "ExoBrainClone" */;
			compatibilityVersion = "Xcode 3.2";
			developmentRegion = English;
			hasScannedForEncodings = 0;
			knownRegions = (
				en,
			);
			mainGroup = D91A69E218BFE59B00360E7F;
			productRefGroup = D91A69EC18BFE59C00360E7F /* Products */;
			projectDirPath = "";
			projectRoot = "";
			targets = (
				D91A69EA18BFE59C00360E7F /* ExoBrainClone */,
				D91A6A0518BFE59C00360E7F /* ExoBrainCloneTests */,
			);
		};
/* End PBXProject section */

/* Begin PBXResourcesBuildPhase section */
		D91A69E918BFE59C00360E7F /* Resources */ = {
			isa = PBXResourcesBuildPhase;
			buildActionMask = 2147483647;
			files = (
				D91A69F918BFE59C00360E7F /* InfoPlist.strings in Resources */,
				D91A6A0118BFE59C00360E7F /* Images.xcassets in Resources */,
			);
			runOnlyForDeploymentPostprocessing = 0;
		};
		D91A6A0418BFE59C00360E7F /* Resources */ = {
			isa = PBXResourcesBuildPhase;
			buildActionMask = 2147483647;
			files = (
				D91A6A1218BFE59C00360E7F /* InfoPlist.strings in Resources */,
			);
			runOnlyForDeploymentPostprocessing = 0;
		};
/* End PBXResourcesBuildPhase section */

/* Begin PBXSourcesBuildPhase section */
		D91A69E718BFE59C00360E7F /* Sources */ = {
			isa = PBXSourcesBuildPhase;
			buildActionMask = 2147483647;
			files = (
				D91A69FF18BFE59C00360E7F /* AppDelegate.m in Sources */,
				D91A6A1F18BFE5BD00360E7F /* MainViewController.m in Sources */,
				D91A69FB18BFE59C00360E7F /* main.m in Sources */,
			);
			runOnlyForDeploymentPostprocessing = 0;
		};
		D91A6A0218BFE59C00360E7F /* Sources */ = {
			isa = PBXSourcesBuildPhase;
			buildActionMask = 2147483647;
			files = (
				D91A6A1418BFE59C00360E7F /* ExoBrainCloneTests.m in Sources */,
			);
			runOnlyForDeploymentPostprocessing = 0;
		};
/* End PBXSourcesBuildPhase section */

/* Begin PBXTargetDependency section */
		D91A6A0C18BFE59C00360E7F /* PBXTargetDependency */ = {
			isa = PBXTargetDependency;
			target = D91A69EA18BFE59C00360E7F /* ExoBrainClone */;
			targetProxy = D91A6A0B18BFE59C00360E7F /* PBXContainerItemProxy */;
		};
/* End PBXTargetDependency section */

/* Begin PBXVariantGroup section */
		D91A69F718BFE59C00360E7F /* InfoPlist.strings */ = {
			isa = PBXVariantGroup;
			children = (
				D91A69F818BFE59C00360E7F /* en */,
			);
			name = InfoPlist.strings;
			sourceTree = "<group>";
		};
		D91A6A1018BFE59C00360E7F /* InfoPlist.strings */ = {
			isa = PBXVariantGroup;
			children = (
				D91A6A1118BFE59C00360E7F /* en */,
			);
			name = InfoPlist.strings;
			sourceTree = "<group>";
		};
/* End PBXVariantGroup section */

/* Begin XCBuildConfiguration section */
		D91A6A1518BFE59C00360E7F /* Debug */ = {
			isa = XCBuildConfiguration;
			buildSettings = {
				ALWAYS_SEARCH_USER_PATHS = NO;
				ARCHS = "$(ARCHS_STANDARD_INCLUDING_64_BIT)";
				CLANG_CXX_LANGUAGE_STANDARD = "gnu++0x";
				CLANG_CXX_LIBRARY = "libc++";
				CLANG_ENABLE_MODULES = YES;
				CLANG_ENABLE_OBJC_ARC = YES;
				CLANG_WARN_BOOL_CONVERSION = YES;
				CLANG_WARN_CONSTANT_CONVERSION = YES;
				CLANG_WARN_DIRECT_OBJC_ISA_USAGE = YES_ERROR;
				CLANG_WARN_EMPTY_BODY = YES;
				CLANG_WARN_ENUM_CONVERSION = YES;
				CLANG_WARN_INT_CONVERSION = YES;
				CLANG_WARN_OBJC_ROOT_CLASS = YES_ERROR;
				CLANG_WARN__DUPLICATE_METHOD_MATCH = YES;
				"CODE_SIGN_IDENTITY[sdk=iphoneos*]" = "iPhone Developer";
				COPY_PHASE_STRIP = NO;
				GCC_C_LANGUAGE_STANDARD = gnu99;
				GCC_DYNAMIC_NO_PIC = NO;
				GCC_OPTIMIZATION_LEVEL = 0;
				GCC_PREPROCESSOR_DEFINITIONS = (
					"DEBUG=1",
					"$(inherited)",
				);
				GCC_SYMBOLS_PRIVATE_EXTERN = NO;
				GCC_WARN_64_TO_32_BIT_CONVERSION = YES;
				GCC_WARN_ABOUT_RETURN_TYPE = YES_ERROR;
				GCC_WARN_UNDECLARED_SELECTOR = YES;
				GCC_WARN_UNINITIALIZED_AUTOS = YES;
				GCC_WARN_UNUSED_FUNCTION = YES;
				GCC_WARN_UNUSED_VARIABLE = YES;
				IPHONEOS_DEPLOYMENT_TARGET = 7.0;
				ONLY_ACTIVE_ARCH = YES;
				SDKROOT = iphoneos;
			};
			name = Debug;
		};
		D91A6A1618BFE59C00360E7F /* Release */ = {
			isa = XCBuildConfiguration;
			buildSettings = {
				ALWAYS_SEARCH_USER_PATHS = NO;
				ARCHS = "$(ARCHS_STANDARD_INCLUDING_64_BIT)";
				CLANG_CXX_LANGUAGE_STANDARD = "gnu++0x";
				CLANG_CXX_LIBRARY = "libc++";
				CLANG_ENABLE_MODULES = YES;
				CLANG_ENABLE_OBJC_ARC = YES;
				CLANG_WARN_BOOL_CONVERSION = YES;
				CLANG_WARN_CONSTANT_CONVERSION = YES;
				CLANG_WARN_DIRECT_OBJC_ISA_USAGE = YES_ERROR;
				CLANG_WARN_EMPTY_BODY = YES;
				CLANG_WARN_ENUM_CONVERSION = YES;
				CLANG_WARN_INT_CONVERSION = YES;
				CLANG_WARN_OBJC_ROOT_CLASS = YES_ERROR;
				CLANG_WARN__DUPLICATE_METHOD_MATCH = YES;
				"CODE_SIGN_IDENTITY[sdk=iphoneos*]" = "iPhone Developer";
				COPY_PHASE_STRIP = YES;
				ENABLE_NS_ASSERTIONS = NO;
				GCC_C_LANGUAGE_STANDARD = gnu99;
				GCC_WARN_64_TO_32_BIT_CONVERSION = YES;
				GCC_WARN_ABOUT_RETURN_TYPE = YES_ERROR;
				GCC_WARN_UNDECLARED_SELECTOR = YES;
				GCC_WARN_UNINITIALIZED_AUTOS = YES;
				GCC_WARN_UNUSED_FUNCTION = YES;
				GCC_WARN_UNUSED_VARIABLE = YES;
				IPHONEOS_DEPLOYMENT_TARGET = 7.0;
				SDKROOT = iphoneos;
				VALIDATE_PRODUCT = YES;
			};
			name = Release;
		};
		D91A6A1818BFE59C00360E7F /* Debug */ = {
			isa = XCBuildConfiguration;
			buildSettings = {
				ASSETCATALOG_COMPILER_APPICON_NAME = AppIcon;
				ASSETCATALOG_COMPILER_LAUNCHIMAGE_NAME = LaunchImage;
				GCC_PRECOMPILE_PREFIX_HEADER = YES;
				GCC_PREFIX_HEADER = "ExoBrainClone/ExoBrainClone-Prefix.pch";
				INFOPLIST_FILE = "ExoBrainClone/ExoBrainClone-Info.plist";
				PRODUCT_NAME = "$(TARGET_NAME)";
				WRAPPER_EXTENSION = app;
			};
			name = Debug;
		};
		D91A6A1918BFE59C00360E7F /* Release */ = {
			isa = XCBuildConfiguration;
			buildSettings = {
				ASSETCATALOG_COMPILER_APPICON_NAME = AppIcon;
				ASSETCATALOG_COMPILER_LAUNCHIMAGE_NAME = LaunchImage;
				GCC_PRECOMPILE_PREFIX_HEADER = YES;
				GCC_PREFIX_HEADER = "ExoBrainClone/ExoBrainClone-Prefix.pch";
				INFOPLIST_FILE = "ExoBrainClone/ExoBrainClone-Info.plist";
				PRODUCT_NAME = "$(TARGET_NAME)";
				WRAPPER_EXTENSION = app;
			};
			name = Release;
		};
		D91A6A1B18BFE59C00360E7F /* Debug */ = {
			isa = XCBuildConfiguration;
			buildSettings = {
				ARCHS = "$(ARCHS_STANDARD_INCLUDING_64_BIT)";
				BUNDLE_LOADER = "$(BUILT_PRODUCTS_DIR)/ExoBrainClone.app/ExoBrainClone";
				FRAMEWORK_SEARCH_PATHS = (
					"$(SDKROOT)/Developer/Library/Frameworks",
					"$(inherited)",
					"$(DEVELOPER_FRAMEWORKS_DIR)",
				);
				GCC_PRECOMPILE_PREFIX_HEADER = YES;
				GCC_PREFIX_HEADER = "ExoBrainClone/ExoBrainClone-Prefix.pch";
				GCC_PREPROCESSOR_DEFINITIONS = (
					"DEBUG=1",
					"$(inherited)",
				);
				INFOPLIST_FILE = "ExoBrainCloneTests/ExoBrainCloneTests-Info.plist";
				PRODUCT_NAME = "$(TARGET_NAME)";
				TEST_HOST = "$(BUNDLE_LOADER)";
				WRAPPER_EXTENSION = xctest;
			};
			name = Debug;
		};
		D91A6A1C18BFE59C00360E7F /* Release */ = {
			isa = XCBuildConfiguration;
			buildSettings = {
				ARCHS = "$(ARCHS_STANDARD_INCLUDING_64_BIT)";
				BUNDLE_LOADER = "$(BUILT_PRODUCTS_DIR)/ExoBrainClone.app/ExoBrainClone";
				FRAMEWORK_SEARCH_PATHS = (
					"$(SDKROOT)/Developer/Library/Frameworks",
					"$(inherited)",
					"$(DEVELOPER_FRAMEWORKS_DIR)",
				);
				GCC_PRECOMPILE_PREFIX_HEADER = YES;
				GCC_PREFIX_HEADER = "ExoBrainClone/ExoBrainClone-Prefix.pch";
				INFOPLIST_FILE = "ExoBrainCloneTests/ExoBrainCloneTests-Info.plist";
				PRODUCT_NAME = "$(TARGET_NAME)";
				TEST_HOST = "$(BUNDLE_LOADER)";
				WRAPPER_EXTENSION = xctest;
			};
			name = Release;
		};
/* End XCBuildConfiguration section */

/* Begin XCConfigurationList section */
		D91A69E618BFE59B00360E7F /* Build configuration list for PBXProject "ExoBrainClone" */ = {
			isa = XCConfigurationList;
			buildConfigurations = (
				D91A6A1518BFE59C00360E7F /* Debug */,
				D91A6A1618BFE59C00360E7F /* Release */,
			);
			defaultConfigurationIsVisible = 0;
			defaultConfigurationName = Release;
		};
		D91A6A1718BFE59C00360E7F /* Build configuration list for PBXNativeTarget "ExoBrainClone" */ = {
			isa = XCConfigurationList;
			buildConfigurations = (
				D91A6A1818BFE59C00360E7F /* Debug */,
				D91A6A1918BFE59C00360E7F /* Release */,
			);
			defaultConfigurationIsVisible = 0;
		};
		D91A6A1A18BFE59C00360E7F /* Build configuration list for PBXNativeTarget "ExoBrainCloneTests" */ = {
			isa = XCConfigurationList;
			buildConfigurations = (
				D91A6A1B18BFE59C00360E7F /* Debug */,
				D91A6A1C18BFE59C00360E7F /* Release */,
			);
			defaultConfigurationIsVisible = 0;
		};
/* End XCConfigurationList section */
	};
	rootObject = D91A69E318BFE59B00360E7F /* Project object */;
}
