// !$*UTF8*$!
{
	archiveVersion = 1;
	classes = {
	};
	objectVersion = 46;
	objects = {

/* Begin PBXBuildFile section */
		D989FB1E18B6993E000F1E2A /* Foundation.framework in Frameworks */ = {isa = PBXBuildFile; fileRef = D989FB1D18B6993E000F1E2A /* Foundation.framework */; };
		D989FB2018B6993E000F1E2A /* CoreGraphics.framework in Frameworks */ = {isa = PBXBuildFile; fileRef = D989FB1F18B6993E000F1E2A /* CoreGraphics.framework */; };
		D989FB2218B6993E000F1E2A /* UIKit.framework in Frameworks */ = {isa = PBXBuildFile; fileRef = D989FB2118B6993E000F1E2A /* UIKit.framework */; };
		D989FB2818B6993E000F1E2A /* InfoPlist.strings in Resources */ = {isa = PBXBuildFile; fileRef = D989FB2618B6993E000F1E2A /* InfoPlist.strings */; };
		D989FB2A18B6993E000F1E2A /* main.m in Sources */ = {isa = PBXBuildFile; fileRef = D989FB2918B6993E000F1E2A /* main.m */; };
		D989FB2E18B6993E000F1E2A /* AppDelegate.m in Sources */ = {isa = PBXBuildFile; fileRef = D989FB2D18B6993E000F1E2A /* AppDelegate.m */; };
		D989FB3018B6993E000F1E2A /* Images.xcassets in Resources */ = {isa = PBXBuildFile; fileRef = D989FB2F18B6993E000F1E2A /* Images.xcassets */; };
		D989FB3718B6993F000F1E2A /* XCTest.framework in Frameworks */ = {isa = PBXBuildFile; fileRef = D989FB3618B6993F000F1E2A /* XCTest.framework */; };
		D989FB3818B6993F000F1E2A /* Foundation.framework in Frameworks */ = {isa = PBXBuildFile; fileRef = D989FB1D18B6993E000F1E2A /* Foundation.framework */; };
		D989FB3918B6993F000F1E2A /* UIKit.framework in Frameworks */ = {isa = PBXBuildFile; fileRef = D989FB2118B6993E000F1E2A /* UIKit.framework */; };
		D989FB4118B6993F000F1E2A /* InfoPlist.strings in Resources */ = {isa = PBXBuildFile; fileRef = D989FB3F18B6993F000F1E2A /* InfoPlist.strings */; };
		D989FB4318B6993F000F1E2A /* tomatoesTests.m in Sources */ = {isa = PBXBuildFile; fileRef = D989FB4218B6993F000F1E2A /* tomatoesTests.m */; };
		D989FB4F18B69965000F1E2A /* Movie.m in Sources */ = {isa = PBXBuildFile; fileRef = D989FB4E18B69965000F1E2A /* Movie.m */; };
		D989FB5418B69A8B000F1E2A /* MoviesViewController.m in Sources */ = {isa = PBXBuildFile; fileRef = D989FB5218B69A8B000F1E2A /* MoviesViewController.m */; };
		D989FB5518B69A8B000F1E2A /* MoviesViewController.xib in Resources */ = {isa = PBXBuildFile; fileRef = D989FB5318B69A8B000F1E2A /* MoviesViewController.xib */; };
/* End PBXBuildFile section */

/* Begin PBXContainerItemProxy section */
		D989FB3A18B6993F000F1E2A /* PBXContainerItemProxy */ = {
			isa = PBXContainerItemProxy;
			containerPortal = D989FB1218B6993E000F1E2A /* Project object */;
			proxyType = 1;
			remoteGlobalIDString = D989FB1918B6993E000F1E2A;
			remoteInfo = tomatoes;
		};
/* End PBXContainerItemProxy section */

/* Begin PBXFileReference section */
		D989FB1A18B6993E000F1E2A /* tomatoes.app */ = {isa = PBXFileReference; explicitFileType = wrapper.application; includeInIndex = 0; path = tomatoes.app; sourceTree = BUILT_PRODUCTS_DIR; };
		D989FB1D18B6993E000F1E2A /* Foundation.framework */ = {isa = PBXFileReference; lastKnownFileType = wrapper.framework; name = Foundation.framework; path = System/Library/Frameworks/Foundation.framework; sourceTree = SDKROOT; };
		D989FB1F18B6993E000F1E2A /* CoreGraphics.framework */ = {isa = PBXFileReference; lastKnownFileType = wrapper.framework; name = CoreGraphics.framework; path = System/Library/Frameworks/CoreGraphics.framework; sourceTree = SDKROOT; };
		D989FB2118B6993E000F1E2A /* UIKit.framework */ = {isa = PBXFileReference; lastKnownFileType = wrapper.framework; name = UIKit.framework; path = System/Library/Frameworks/UIKit.framework; sourceTree = SDKROOT; };
		D989FB2518B6993E000F1E2A /* tomatoes-Info.plist */ = {isa = PBXFileReference; lastKnownFileType = text.plist.xml; path = "tomatoes-Info.plist"; sourceTree = "<group>"; };
		D989FB2718B6993E000F1E2A /* en */ = {isa = PBXFileReference; lastKnownFileType = text.plist.strings; name = en; path = en.lproj/InfoPlist.strings; sourceTree = "<group>"; };
		D989FB2918B6993E000F1E2A /* main.m */ = {isa = PBXFileReference; lastKnownFileType = sourcecode.c.objc; path = main.m; sourceTree = "<group>"; };
		D989FB2B18B6993E000F1E2A /* tomatoes-Prefix.pch */ = {isa = PBXFileReference; lastKnownFileType = sourcecode.c.h; path = "tomatoes-Prefix.pch"; sourceTree = "<group>"; };
		D989FB2C18B6993E000F1E2A /* AppDelegate.h */ = {isa = PBXFileReference; lastKnownFileType = sourcecode.c.h; path = AppDelegate.h; sourceTree = "<group>"; };
		D989FB2D18B6993E000F1E2A /* AppDelegate.m */ = {isa = PBXFileReference; lastKnownFileType = sourcecode.c.objc; path = AppDelegate.m; sourceTree = "<group>"; };
		D989FB2F18B6993E000F1E2A /* Images.xcassets */ = {isa = PBXFileReference; lastKnownFileType = folder.assetcatalog; path = Images.xcassets; sourceTree = "<group>"; };
		D989FB3518B6993F000F1E2A /* tomatoesTests.xctest */ = {isa = PBXFileReference; explicitFileType = wrapper.cfbundle; includeInIndex = 0; path = tomatoesTests.xctest; sourceTree = BUILT_PRODUCTS_DIR; };
		D989FB3618B6993F000F1E2A /* XCTest.framework */ = {isa = PBXFileReference; lastKnownFileType = wrapper.framework; name = XCTest.framework; path = Library/Frameworks/XCTest.framework; sourceTree = DEVELOPER_DIR; };
		D989FB3E18B6993F000F1E2A /* tomatoesTests-Info.plist */ = {isa = PBXFileReference; lastKnownFileType = text.plist.xml; path = "tomatoesTests-Info.plist"; sourceTree = "<group>"; };
		D989FB4018B6993F000F1E2A /* en */ = {isa = PBXFileReference; lastKnownFileType = text.plist.strings; name = en; path = en.lproj/InfoPlist.strings; sourceTree = "<group>"; };
		D989FB4218B6993F000F1E2A /* tomatoesTests.m */ = {isa = PBXFileReference; lastKnownFileType = sourcecode.c.objc; path = tomatoesTests.m; sourceTree = "<group>"; };
		D989FB4D18B69965000F1E2A /* Movie.h */ = {isa = PBXFileReference; fileEncoding = 4; lastKnownFileType = sourcecode.c.h; path = Movie.h; sourceTree = "<group>"; };
		D989FB4E18B69965000F1E2A /* Movie.m */ = {isa = PBXFileReference; fileEncoding = 4; lastKnownFileType = sourcecode.c.objc; path = Movie.m; sourceTree = "<group>"; };
		D989FB5118B69A8B000F1E2A /* MoviesViewController.h */ = {isa = PBXFileReference; fileEncoding = 4; lastKnownFileType = sourcecode.c.h; path = MoviesViewController.h; sourceTree = "<group>"; };
		D989FB5218B69A8B000F1E2A /* MoviesViewController.m */ = {isa = PBXFileReference; fileEncoding = 4; lastKnownFileType = sourcecode.c.objc; path = MoviesViewController.m; sourceTree = "<group>"; };
		D989FB5318B69A8B000F1E2A /* MoviesViewController.xib */ = {isa = PBXFileReference; fileEncoding = 4; lastKnownFileType = file.xib; path = MoviesViewController.xib; sourceTree = "<group>"; };
/* End PBXFileReference section */

/* Begin PBXFrameworksBuildPhase section */
		D989FB1718B6993E000F1E2A /* Frameworks */ = {
			isa = PBXFrameworksBuildPhase;
			buildActionMask = 2147483647;
			files = (
				D989FB2018B6993E000F1E2A /* CoreGraphics.framework in Frameworks */,
				D989FB2218B6993E000F1E2A /* UIKit.framework in Frameworks */,
				D989FB1E18B6993E000F1E2A /* Foundation.framework in Frameworks */,
			);
			runOnlyForDeploymentPostprocessing = 0;
		};
		D989FB3218B6993F000F1E2A /* Frameworks */ = {
			isa = PBXFrameworksBuildPhase;
			buildActionMask = 2147483647;
			files = (
				D989FB3718B6993F000F1E2A /* XCTest.framework in Frameworks */,
				D989FB3918B6993F000F1E2A /* UIKit.framework in Frameworks */,
				D989FB3818B6993F000F1E2A /* Foundation.framework in Frameworks */,
			);
			runOnlyForDeploymentPostprocessing = 0;
		};
/* End PBXFrameworksBuildPhase section */

/* Begin PBXGroup section */
		D989FB1118B6993E000F1E2A = {
			isa = PBXGroup;
			children = (
				D989FB2318B6993E000F1E2A /* tomatoes */,
				D989FB3C18B6993F000F1E2A /* tomatoesTests */,
				D989FB1C18B6993E000F1E2A /* Frameworks */,
				D989FB1B18B6993E000F1E2A /* Products */,
			);
			sourceTree = "<group>";
		};
		D989FB1B18B6993E000F1E2A /* Products */ = {
			isa = PBXGroup;
			children = (
				D989FB1A18B6993E000F1E2A /* tomatoes.app */,
				D989FB3518B6993F000F1E2A /* tomatoesTests.xctest */,
			);
			name = Products;
			sourceTree = "<group>";
		};
		D989FB1C18B6993E000F1E2A /* Frameworks */ = {
			isa = PBXGroup;
			children = (
				D989FB1D18B6993E000F1E2A /* Foundation.framework */,
				D989FB1F18B6993E000F1E2A /* CoreGraphics.framework */,
				D989FB2118B6993E000F1E2A /* UIKit.framework */,
				D989FB3618B6993F000F1E2A /* XCTest.framework */,
			);
			name = Frameworks;
			sourceTree = "<group>";
		};
		D989FB2318B6993E000F1E2A /* tomatoes */ = {
			isa = PBXGroup;
			children = (
				D989FB5018B69A78000F1E2A /* View Controllers */,
				D989FB4C18B69948000F1E2A /* Models */,
				D989FB2C18B6993E000F1E2A /* AppDelegate.h */,
				D989FB2D18B6993E000F1E2A /* AppDelegate.m */,
				D989FB2F18B6993E000F1E2A /* Images.xcassets */,
				D989FB2418B6993E000F1E2A /* Supporting Files */,
			);
			path = tomatoes;
			sourceTree = "<group>";
		};
		D989FB2418B6993E000F1E2A /* Supporting Files */ = {
			isa = PBXGroup;
			children = (
				D989FB2518B6993E000F1E2A /* tomatoes-Info.plist */,
				D989FB2618B6993E000F1E2A /* InfoPlist.strings */,
				D989FB2918B6993E000F1E2A /* main.m */,
				D989FB2B18B6993E000F1E2A /* tomatoes-Prefix.pch */,
			);
			name = "Supporting Files";
			sourceTree = "<group>";
		};
		D989FB3C18B6993F000F1E2A /* tomatoesTests */ = {
			isa = PBXGroup;
			children = (
				D989FB4218B6993F000F1E2A /* tomatoesTests.m */,
				D989FB3D18B6993F000F1E2A /* Supporting Files */,
			);
			path = tomatoesTests;
			sourceTree = "<group>";
		};
		D989FB3D18B6993F000F1E2A /* Supporting Files */ = {
			isa = PBXGroup;
			children = (
				D989FB3E18B6993F000F1E2A /* tomatoesTests-Info.plist */,
				D989FB3F18B6993F000F1E2A /* InfoPlist.strings */,
			);
			name = "Supporting Files";
			sourceTree = "<group>";
		};
		D989FB4C18B69948000F1E2A /* Models */ = {
			isa = PBXGroup;
			children = (
				D989FB4D18B69965000F1E2A /* Movie.h */,
				D989FB4E18B69965000F1E2A /* Movie.m */,
			);
			name = Models;
			sourceTree = "<group>";
		};
		D989FB5018B69A78000F1E2A /* View Controllers */ = {
			isa = PBXGroup;
			children = (
				D989FB5118B69A8B000F1E2A /* MoviesViewController.h */,
				D989FB5218B69A8B000F1E2A /* MoviesViewController.m */,
				D989FB5318B69A8B000F1E2A /* MoviesViewController.xib */,
			);
			name = "View Controllers";
			sourceTree = "<group>";
		};
/* End PBXGroup section */

/* Begin PBXNativeTarget section */
		D989FB1918B6993E000F1E2A /* tomatoes */ = {
			isa = PBXNativeTarget;
			buildConfigurationList = D989FB4618B6993F000F1E2A /* Build configuration list for PBXNativeTarget "tomatoes" */;
			buildPhases = (
				D989FB1618B6993E000F1E2A /* Sources */,
				D989FB1718B6993E000F1E2A /* Frameworks */,
				D989FB1818B6993E000F1E2A /* Resources */,
			);
			buildRules = (
			);
			dependencies = (
			);
			name = tomatoes;
			productName = tomatoes;
			productReference = D989FB1A18B6993E000F1E2A /* tomatoes.app */;
			productType = "com.apple.product-type.application";
		};
		D989FB3418B6993F000F1E2A /* tomatoesTests */ = {
			isa = PBXNativeTarget;
			buildConfigurationList = D989FB4918B6993F000F1E2A /* Build configuration list for PBXNativeTarget "tomatoesTests" */;
			buildPhases = (
				D989FB3118B6993F000F1E2A /* Sources */,
				D989FB3218B6993F000F1E2A /* Frameworks */,
				D989FB3318B6993F000F1E2A /* Resources */,
			);
			buildRules = (
			);
			dependencies = (
				D989FB3B18B6993F000F1E2A /* PBXTargetDependency */,
			);
			name = tomatoesTests;
			productName = tomatoesTests;
			productReference = D989FB3518B6993F000F1E2A /* tomatoesTests.xctest */;
			productType = "com.apple.product-type.bundle.unit-test";
		};
/* End PBXNativeTarget section */

/* Begin PBXProject section */
		D989FB1218B6993E000F1E2A /* Project object */ = {
			isa = PBXProject;
			attributes = {
				LastUpgradeCheck = 0500;
				ORGANIZATIONNAME = "Aaron Carambula";
				TargetAttributes = {
					D989FB3418B6993F000F1E2A = {
						TestTargetID = D989FB1918B6993E000F1E2A;
					};
				};
			};
			buildConfigurationList = D989FB1518B6993E000F1E2A /* Build configuration list for PBXProject "tomatoes" */;
			compatibilityVersion = "Xcode 3.2";
			developmentRegion = English;
			hasScannedForEncodings = 0;
			knownRegions = (
				en,
			);
			mainGroup = D989FB1118B6993E000F1E2A;
			productRefGroup = D989FB1B18B6993E000F1E2A /* Products */;
			projectDirPath = "";
			projectRoot = "";
			targets = (
				D989FB1918B6993E000F1E2A /* tomatoes */,
				D989FB3418B6993F000F1E2A /* tomatoesTests */,
			);
		};
/* End PBXProject section */

/* Begin PBXResourcesBuildPhase section */
		D989FB1818B6993E000F1E2A /* Resources */ = {
			isa = PBXResourcesBuildPhase;
			buildActionMask = 2147483647;
			files = (
				D989FB2818B6993E000F1E2A /* InfoPlist.strings in Resources */,
				D989FB5518B69A8B000F1E2A /* MoviesViewController.xib in Resources */,
				D989FB3018B6993E000F1E2A /* Images.xcassets in Resources */,
			);
			runOnlyForDeploymentPostprocessing = 0;
		};
		D989FB3318B6993F000F1E2A /* Resources */ = {
			isa = PBXResourcesBuildPhase;
			buildActionMask = 2147483647;
			files = (
				D989FB4118B6993F000F1E2A /* InfoPlist.strings in Resources */,
			);
			runOnlyForDeploymentPostprocessing = 0;
		};
/* End PBXResourcesBuildPhase section */

/* Begin PBXSourcesBuildPhase section */
		D989FB1618B6993E000F1E2A /* Sources */ = {
			isa = PBXSourcesBuildPhase;
			buildActionMask = 2147483647;
			files = (
				D989FB4F18B69965000F1E2A /* Movie.m in Sources */,
				D989FB2E18B6993E000F1E2A /* AppDelegate.m in Sources */,
				D989FB2A18B6993E000F1E2A /* main.m in Sources */,
				D989FB5418B69A8B000F1E2A /* MoviesViewController.m in Sources */,
			);
			runOnlyForDeploymentPostprocessing = 0;
		};
		D989FB3118B6993F000F1E2A /* Sources */ = {
			isa = PBXSourcesBuildPhase;
			buildActionMask = 2147483647;
			files = (
				D989FB4318B6993F000F1E2A /* tomatoesTests.m in Sources */,
			);
			runOnlyForDeploymentPostprocessing = 0;
		};
/* End PBXSourcesBuildPhase section */

/* Begin PBXTargetDependency section */
		D989FB3B18B6993F000F1E2A /* PBXTargetDependency */ = {
			isa = PBXTargetDependency;
			target = D989FB1918B6993E000F1E2A /* tomatoes */;
			targetProxy = D989FB3A18B6993F000F1E2A /* PBXContainerItemProxy */;
		};
/* End PBXTargetDependency section */

/* Begin PBXVariantGroup section */
		D989FB2618B6993E000F1E2A /* InfoPlist.strings */ = {
			isa = PBXVariantGroup;
			children = (
				D989FB2718B6993E000F1E2A /* en */,
			);
			name = InfoPlist.strings;
			sourceTree = "<group>";
		};
		D989FB3F18B6993F000F1E2A /* InfoPlist.strings */ = {
			isa = PBXVariantGroup;
			children = (
				D989FB4018B6993F000F1E2A /* en */,
			);
			name = InfoPlist.strings;
			sourceTree = "<group>";
		};
/* End PBXVariantGroup section */

/* Begin XCBuildConfiguration section */
		D989FB4418B6993F000F1E2A /* Debug */ = {
			isa = XCBuildConfiguration;
			buildSettings = {
				ALWAYS_SEARCH_USER_PATHS = NO;
				ARCHS = "$(ARCHS_STANDARD_INCLUDING_64_BIT)";
				CLANG_CXX_LANGUAGE_STANDARD = "gnu++0x";
				CLANG_CXX_LIBRARY = "libc++";
				CLANG_ENABLE_MODULES = YES;
				CLANG_ENABLE_OBJC_ARC = YES;
				CLANG_WARN_BOOL_CONVERSION = YES;
				CLANG_WARN_CONSTANT_CONVERSION = YES;
				CLANG_WARN_DIRECT_OBJC_ISA_USAGE = YES_ERROR;
				CLANG_WARN_EMPTY_BODY = YES;
				CLANG_WARN_ENUM_CONVERSION = YES;
				CLANG_WARN_INT_CONVERSION = YES;
				CLANG_WARN_OBJC_ROOT_CLASS = YES_ERROR;
				CLANG_WARN__DUPLICATE_METHOD_MATCH = YES;
				"CODE_SIGN_IDENTITY[sdk=iphoneos*]" = "iPhone Developer";
				COPY_PHASE_STRIP = NO;
				GCC_C_LANGUAGE_STANDARD = gnu99;
				GCC_DYNAMIC_NO_PIC = NO;
				GCC_OPTIMIZATION_LEVEL = 0;
				GCC_PREPROCESSOR_DEFINITIONS = (
					"DEBUG=1",
					"$(inherited)",
				);
				GCC_SYMBOLS_PRIVATE_EXTERN = NO;
				GCC_WARN_64_TO_32_BIT_CONVERSION = YES;
				GCC_WARN_ABOUT_RETURN_TYPE = YES_ERROR;
				GCC_WARN_UNDECLARED_SELECTOR = YES;
				GCC_WARN_UNINITIALIZED_AUTOS = YES;
				GCC_WARN_UNUSED_FUNCTION = YES;
				GCC_WARN_UNUSED_VARIABLE = YES;
				IPHONEOS_DEPLOYMENT_TARGET = 7.0;
				ONLY_ACTIVE_ARCH = YES;
				SDKROOT = iphoneos;
			};
			name = Debug;
		};
		D989FB4518B6993F000F1E2A /* Release */ = {
			isa = XCBuildConfiguration;
			buildSettings = {
				ALWAYS_SEARCH_USER_PATHS = NO;
				ARCHS = "$(ARCHS_STANDARD_INCLUDING_64_BIT)";
				CLANG_CXX_LANGUAGE_STANDARD = "gnu++0x";
				CLANG_CXX_LIBRARY = "libc++";
				CLANG_ENABLE_MODULES = YES;
				CLANG_ENABLE_OBJC_ARC = YES;
				CLANG_WARN_BOOL_CONVERSION = YES;
				CLANG_WARN_CONSTANT_CONVERSION = YES;
				CLANG_WARN_DIRECT_OBJC_ISA_USAGE = YES_ERROR;
				CLANG_WARN_EMPTY_BODY = YES;
				CLANG_WARN_ENUM_CONVERSION = YES;
				CLANG_WARN_INT_CONVERSION = YES;
				CLANG_WARN_OBJC_ROOT_CLASS = YES_ERROR;
				CLANG_WARN__DUPLICATE_METHOD_MATCH = YES;
				"CODE_SIGN_IDENTITY[sdk=iphoneos*]" = "iPhone Developer";
				COPY_PHASE_STRIP = YES;
				ENABLE_NS_ASSERTIONS = NO;
				GCC_C_LANGUAGE_STANDARD = gnu99;
				GCC_WARN_64_TO_32_BIT_CONVERSION = YES;
				GCC_WARN_ABOUT_RETURN_TYPE = YES_ERROR;
				GCC_WARN_UNDECLARED_SELECTOR = YES;
				GCC_WARN_UNINITIALIZED_AUTOS = YES;
				GCC_WARN_UNUSED_FUNCTION = YES;
				GCC_WARN_UNUSED_VARIABLE = YES;
				IPHONEOS_DEPLOYMENT_TARGET = 7.0;
				SDKROOT = iphoneos;
				VALIDATE_PRODUCT = YES;
			};
			name = Release;
		};
		D989FB4718B6993F000F1E2A /* Debug */ = {
			isa = XCBuildConfiguration;
			buildSettings = {
				ASSETCATALOG_COMPILER_APPICON_NAME = AppIcon;
				ASSETCATALOG_COMPILER_LAUNCHIMAGE_NAME = LaunchImage;
				GCC_PRECOMPILE_PREFIX_HEADER = YES;
				GCC_PREFIX_HEADER = "tomatoes/tomatoes-Prefix.pch";
				INFOPLIST_FILE = "tomatoes/tomatoes-Info.plist";
				PRODUCT_NAME = "$(TARGET_NAME)";
				WRAPPER_EXTENSION = app;
			};
			name = Debug;
		};
		D989FB4818B6993F000F1E2A /* Release */ = {
			isa = XCBuildConfiguration;
			buildSettings = {
				ASSETCATALOG_COMPILER_APPICON_NAME = AppIcon;
				ASSETCATALOG_COMPILER_LAUNCHIMAGE_NAME = LaunchImage;
				GCC_PRECOMPILE_PREFIX_HEADER = YES;
				GCC_PREFIX_HEADER = "tomatoes/tomatoes-Prefix.pch";
				INFOPLIST_FILE = "tomatoes/tomatoes-Info.plist";
				PRODUCT_NAME = "$(TARGET_NAME)";
				WRAPPER_EXTENSION = app;
			};
			name = Release;
		};
		D989FB4A18B6993F000F1E2A /* Debug */ = {
			isa = XCBuildConfiguration;
			buildSettings = {
				ARCHS = "$(ARCHS_STANDARD_INCLUDING_64_BIT)";
				BUNDLE_LOADER = "$(BUILT_PRODUCTS_DIR)/tomatoes.app/tomatoes";
				FRAMEWORK_SEARCH_PATHS = (
					"$(SDKROOT)/Developer/Library/Frameworks",
					"$(inherited)",
					"$(DEVELOPER_FRAMEWORKS_DIR)",
				);
				GCC_PRECOMPILE_PREFIX_HEADER = YES;
				GCC_PREFIX_HEADER = "tomatoes/tomatoes-Prefix.pch";
				GCC_PREPROCESSOR_DEFINITIONS = (
					"DEBUG=1",
					"$(inherited)",
				);
				INFOPLIST_FILE = "tomatoesTests/tomatoesTests-Info.plist";
				PRODUCT_NAME = "$(TARGET_NAME)";
				TEST_HOST = "$(BUNDLE_LOADER)";
				WRAPPER_EXTENSION = xctest;
			};
			name = Debug;
		};
		D989FB4B18B6993F000F1E2A /* Release */ = {
			isa = XCBuildConfiguration;
			buildSettings = {
				ARCHS = "$(ARCHS_STANDARD_INCLUDING_64_BIT)";
				BUNDLE_LOADER = "$(BUILT_PRODUCTS_DIR)/tomatoes.app/tomatoes";
				FRAMEWORK_SEARCH_PATHS = (
					"$(SDKROOT)/Developer/Library/Frameworks",
					"$(inherited)",
					"$(DEVELOPER_FRAMEWORKS_DIR)",
				);
				GCC_PRECOMPILE_PREFIX_HEADER = YES;
				GCC_PREFIX_HEADER = "tomatoes/tomatoes-Prefix.pch";
				INFOPLIST_FILE = "tomatoesTests/tomatoesTests-Info.plist";
				PRODUCT_NAME = "$(TARGET_NAME)";
				TEST_HOST = "$(BUNDLE_LOADER)";
				WRAPPER_EXTENSION = xctest;
			};
			name = Release;
		};
/* End XCBuildConfiguration section */

/* Begin XCConfigurationList section */
		D989FB1518B6993E000F1E2A /* Build configuration list for PBXProject "tomatoes" */ = {
			isa = XCConfigurationList;
			buildConfigurations = (
				D989FB4418B6993F000F1E2A /* Debug */,
				D989FB4518B6993F000F1E2A /* Release */,
			);
			defaultConfigurationIsVisible = 0;
			defaultConfigurationName = Release;
		};
		D989FB4618B6993F000F1E2A /* Build configuration list for PBXNativeTarget "tomatoes" */ = {
			isa = XCConfigurationList;
			buildConfigurations = (
				D989FB4718B6993F000F1E2A /* Debug */,
				D989FB4818B6993F000F1E2A /* Release */,
			);
			defaultConfigurationIsVisible = 0;
		};
		D989FB4918B6993F000F1E2A /* Build configuration list for PBXNativeTarget "tomatoesTests" */ = {
			isa = XCConfigurationList;
			buildConfigurations = (
				D989FB4A18B6993F000F1E2A /* Debug */,
				D989FB4B18B6993F000F1E2A /* Release */,
			);
			defaultConfigurationIsVisible = 0;
		};
/* End XCConfigurationList section */
	};
	rootObject = D989FB1218B6993E000F1E2A /* Project object */;
}
