// !$*UTF8*$!
{
	archiveVersion = 1;
	classes = {
	};
	objectVersion = 46;
	objects = {

/* Begin PBXBuildFile section */
		D91FE35C18B9C57E00994BC6 /* Foundation.framework in Frameworks */ = {isa = PBXBuildFile; fileRef = D91FE35B18B9C57E00994BC6 /* Foundation.framework */; };
		D91FE35E18B9C57E00994BC6 /* CoreGraphics.framework in Frameworks */ = {isa = PBXBuildFile; fileRef = D91FE35D18B9C57E00994BC6 /* CoreGraphics.framework */; };
		D91FE36018B9C57E00994BC6 /* UIKit.framework in Frameworks */ = {isa = PBXBuildFile; fileRef = D91FE35F18B9C57E00994BC6 /* UIKit.framework */; };
		D91FE36618B9C57E00994BC6 /* InfoPlist.strings in Resources */ = {isa = PBXBuildFile; fileRef = D91FE36418B9C57E00994BC6 /* InfoPlist.strings */; };
		D91FE36818B9C57E00994BC6 /* main.m in Sources */ = {isa = PBXBuildFile; fileRef = D91FE36718B9C57E00994BC6 /* main.m */; };
		D91FE36C18B9C57E00994BC6 /* AppDelegate.m in Sources */ = {isa = PBXBuildFile; fileRef = D91FE36B18B9C57E00994BC6 /* AppDelegate.m */; };
		D91FE36E18B9C57E00994BC6 /* Images.xcassets in Resources */ = {isa = PBXBuildFile; fileRef = D91FE36D18B9C57E00994BC6 /* Images.xcassets */; };
		D91FE37518B9C57E00994BC6 /* XCTest.framework in Frameworks */ = {isa = PBXBuildFile; fileRef = D91FE37418B9C57E00994BC6 /* XCTest.framework */; };
		D91FE37618B9C57E00994BC6 /* Foundation.framework in Frameworks */ = {isa = PBXBuildFile; fileRef = D91FE35B18B9C57E00994BC6 /* Foundation.framework */; };
		D91FE37718B9C57E00994BC6 /* UIKit.framework in Frameworks */ = {isa = PBXBuildFile; fileRef = D91FE35F18B9C57E00994BC6 /* UIKit.framework */; };
		D91FE37F18B9C57E00994BC6 /* InfoPlist.strings in Resources */ = {isa = PBXBuildFile; fileRef = D91FE37D18B9C57E00994BC6 /* InfoPlist.strings */; };
		D91FE38118B9C57E00994BC6 /* CodePathWeek2Tests.m in Sources */ = {isa = PBXBuildFile; fileRef = D91FE38018B9C57E00994BC6 /* CodePathWeek2Tests.m */; };
		D91FE38C18B9C5A300994BC6 /* NotificationsViewController.m in Sources */ = {isa = PBXBuildFile; fileRef = D91FE38B18B9C5A300994BC6 /* NotificationsViewController.m */; };
/* End PBXBuildFile section */

/* Begin PBXContainerItemProxy section */
		D91FE37818B9C57E00994BC6 /* PBXContainerItemProxy */ = {
			isa = PBXContainerItemProxy;
			containerPortal = D91FE35018B9C57E00994BC6 /* Project object */;
			proxyType = 1;
			remoteGlobalIDString = D91FE35718B9C57E00994BC6;
			remoteInfo = CodePathWeek2;
		};
/* End PBXContainerItemProxy section */

/* Begin PBXFileReference section */
		D91FE35818B9C57E00994BC6 /* CodePathWeek2.app */ = {isa = PBXFileReference; explicitFileType = wrapper.application; includeInIndex = 0; path = CodePathWeek2.app; sourceTree = BUILT_PRODUCTS_DIR; };
		D91FE35B18B9C57E00994BC6 /* Foundation.framework */ = {isa = PBXFileReference; lastKnownFileType = wrapper.framework; name = Foundation.framework; path = System/Library/Frameworks/Foundation.framework; sourceTree = SDKROOT; };
		D91FE35D18B9C57E00994BC6 /* CoreGraphics.framework */ = {isa = PBXFileReference; lastKnownFileType = wrapper.framework; name = CoreGraphics.framework; path = System/Library/Frameworks/CoreGraphics.framework; sourceTree = SDKROOT; };
		D91FE35F18B9C57E00994BC6 /* UIKit.framework */ = {isa = PBXFileReference; lastKnownFileType = wrapper.framework; name = UIKit.framework; path = System/Library/Frameworks/UIKit.framework; sourceTree = SDKROOT; };
		D91FE36318B9C57E00994BC6 /* CodePathWeek2-Info.plist */ = {isa = PBXFileReference; lastKnownFileType = text.plist.xml; path = "CodePathWeek2-Info.plist"; sourceTree = "<group>"; };
		D91FE36518B9C57E00994BC6 /* en */ = {isa = PBXFileReference; lastKnownFileType = text.plist.strings; name = en; path = en.lproj/InfoPlist.strings; sourceTree = "<group>"; };
		D91FE36718B9C57E00994BC6 /* main.m */ = {isa = PBXFileReference; lastKnownFileType = sourcecode.c.objc; path = main.m; sourceTree = "<group>"; };
		D91FE36918B9C57E00994BC6 /* CodePathWeek2-Prefix.pch */ = {isa = PBXFileReference; lastKnownFileType = sourcecode.c.h; path = "CodePathWeek2-Prefix.pch"; sourceTree = "<group>"; };
		D91FE36A18B9C57E00994BC6 /* AppDelegate.h */ = {isa = PBXFileReference; lastKnownFileType = sourcecode.c.h; path = AppDelegate.h; sourceTree = "<group>"; };
		D91FE36B18B9C57E00994BC6 /* AppDelegate.m */ = {isa = PBXFileReference; lastKnownFileType = sourcecode.c.objc; path = AppDelegate.m; sourceTree = "<group>"; };
		D91FE36D18B9C57E00994BC6 /* Images.xcassets */ = {isa = PBXFileReference; lastKnownFileType = folder.assetcatalog; path = Images.xcassets; sourceTree = "<group>"; };
		D91FE37318B9C57E00994BC6 /* CodePathWeek2Tests.xctest */ = {isa = PBXFileReference; explicitFileType = wrapper.cfbundle; includeInIndex = 0; path = CodePathWeek2Tests.xctest; sourceTree = BUILT_PRODUCTS_DIR; };
		D91FE37418B9C57E00994BC6 /* XCTest.framework */ = {isa = PBXFileReference; lastKnownFileType = wrapper.framework; name = XCTest.framework; path = Library/Frameworks/XCTest.framework; sourceTree = DEVELOPER_DIR; };
		D91FE37C18B9C57E00994BC6 /* CodePathWeek2Tests-Info.plist */ = {isa = PBXFileReference; lastKnownFileType = text.plist.xml; path = "CodePathWeek2Tests-Info.plist"; sourceTree = "<group>"; };
		D91FE37E18B9C57E00994BC6 /* en */ = {isa = PBXFileReference; lastKnownFileType = text.plist.strings; name = en; path = en.lproj/InfoPlist.strings; sourceTree = "<group>"; };
		D91FE38018B9C57E00994BC6 /* CodePathWeek2Tests.m */ = {isa = PBXFileReference; lastKnownFileType = sourcecode.c.objc; path = CodePathWeek2Tests.m; sourceTree = "<group>"; };
		D91FE38A18B9C5A300994BC6 /* NotificationsViewController.h */ = {isa = PBXFileReference; fileEncoding = 4; lastKnownFileType = sourcecode.c.h; path = NotificationsViewController.h; sourceTree = "<group>"; };
		D91FE38B18B9C5A300994BC6 /* NotificationsViewController.m */ = {isa = PBXFileReference; fileEncoding = 4; lastKnownFileType = sourcecode.c.objc; path = NotificationsViewController.m; sourceTree = "<group>"; };
/* End PBXFileReference section */

/* Begin PBXFrameworksBuildPhase section */
		D91FE35518B9C57E00994BC6 /* Frameworks */ = {
			isa = PBXFrameworksBuildPhase;
			buildActionMask = 2147483647;
			files = (
				D91FE35E18B9C57E00994BC6 /* CoreGraphics.framework in Frameworks */,
				D91FE36018B9C57E00994BC6 /* UIKit.framework in Frameworks */,
				D91FE35C18B9C57E00994BC6 /* Foundation.framework in Frameworks */,
			);
			runOnlyForDeploymentPostprocessing = 0;
		};
		D91FE37018B9C57E00994BC6 /* Frameworks */ = {
			isa = PBXFrameworksBuildPhase;
			buildActionMask = 2147483647;
			files = (
				D91FE37518B9C57E00994BC6 /* XCTest.framework in Frameworks */,
				D91FE37718B9C57E00994BC6 /* UIKit.framework in Frameworks */,
				D91FE37618B9C57E00994BC6 /* Foundation.framework in Frameworks */,
			);
			runOnlyForDeploymentPostprocessing = 0;
		};
/* End PBXFrameworksBuildPhase section */

/* Begin PBXGroup section */
		D91FE34F18B9C57E00994BC6 = {
			isa = PBXGroup;
			children = (
				D91FE36118B9C57E00994BC6 /* CodePathWeek2 */,
				D91FE37A18B9C57E00994BC6 /* CodePathWeek2Tests */,
				D91FE35A18B9C57E00994BC6 /* Frameworks */,
				D91FE35918B9C57E00994BC6 /* Products */,
			);
			sourceTree = "<group>";
		};
		D91FE35918B9C57E00994BC6 /* Products */ = {
			isa = PBXGroup;
			children = (
				D91FE35818B9C57E00994BC6 /* CodePathWeek2.app */,
				D91FE37318B9C57E00994BC6 /* CodePathWeek2Tests.xctest */,
			);
			name = Products;
			sourceTree = "<group>";
		};
		D91FE35A18B9C57E00994BC6 /* Frameworks */ = {
			isa = PBXGroup;
			children = (
				D91FE35B18B9C57E00994BC6 /* Foundation.framework */,
				D91FE35D18B9C57E00994BC6 /* CoreGraphics.framework */,
				D91FE35F18B9C57E00994BC6 /* UIKit.framework */,
				D91FE37418B9C57E00994BC6 /* XCTest.framework */,
			);
			name = Frameworks;
			sourceTree = "<group>";
		};
		D91FE36118B9C57E00994BC6 /* CodePathWeek2 */ = {
			isa = PBXGroup;
			children = (
				D91FE36A18B9C57E00994BC6 /* AppDelegate.h */,
				D91FE36B18B9C57E00994BC6 /* AppDelegate.m */,
				D91FE36D18B9C57E00994BC6 /* Images.xcassets */,
				D91FE36218B9C57E00994BC6 /* Supporting Files */,
				D91FE38A18B9C5A300994BC6 /* NotificationsViewController.h */,
				D91FE38B18B9C5A300994BC6 /* NotificationsViewController.m */,
			);
			path = CodePathWeek2;
			sourceTree = "<group>";
		};
		D91FE36218B9C57E00994BC6 /* Supporting Files */ = {
			isa = PBXGroup;
			children = (
				D91FE36318B9C57E00994BC6 /* CodePathWeek2-Info.plist */,
				D91FE36418B9C57E00994BC6 /* InfoPlist.strings */,
				D91FE36718B9C57E00994BC6 /* main.m */,
				D91FE36918B9C57E00994BC6 /* CodePathWeek2-Prefix.pch */,
			);
			name = "Supporting Files";
			sourceTree = "<group>";
		};
		D91FE37A18B9C57E00994BC6 /* CodePathWeek2Tests */ = {
			isa = PBXGroup;
			children = (
				D91FE38018B9C57E00994BC6 /* CodePathWeek2Tests.m */,
				D91FE37B18B9C57E00994BC6 /* Supporting Files */,
			);
			path = CodePathWeek2Tests;
			sourceTree = "<group>";
		};
		D91FE37B18B9C57E00994BC6 /* Supporting Files */ = {
			isa = PBXGroup;
			children = (
				D91FE37C18B9C57E00994BC6 /* CodePathWeek2Tests-Info.plist */,
				D91FE37D18B9C57E00994BC6 /* InfoPlist.strings */,
			);
			name = "Supporting Files";
			sourceTree = "<group>";
		};
/* End PBXGroup section */

/* Begin PBXNativeTarget section */
		D91FE35718B9C57E00994BC6 /* CodePathWeek2 */ = {
			isa = PBXNativeTarget;
			buildConfigurationList = D91FE38418B9C57E00994BC6 /* Build configuration list for PBXNativeTarget "CodePathWeek2" */;
			buildPhases = (
				D91FE35418B9C57E00994BC6 /* Sources */,
				D91FE35518B9C57E00994BC6 /* Frameworks */,
				D91FE35618B9C57E00994BC6 /* Resources */,
			);
			buildRules = (
			);
			dependencies = (
			);
			name = CodePathWeek2;
			productName = CodePathWeek2;
			productReference = D91FE35818B9C57E00994BC6 /* CodePathWeek2.app */;
			productType = "com.apple.product-type.application";
		};
		D91FE37218B9C57E00994BC6 /* CodePathWeek2Tests */ = {
			isa = PBXNativeTarget;
			buildConfigurationList = D91FE38718B9C57E00994BC6 /* Build configuration list for PBXNativeTarget "CodePathWeek2Tests" */;
			buildPhases = (
				D91FE36F18B9C57E00994BC6 /* Sources */,
				D91FE37018B9C57E00994BC6 /* Frameworks */,
				D91FE37118B9C57E00994BC6 /* Resources */,
			);
			buildRules = (
			);
			dependencies = (
				D91FE37918B9C57E00994BC6 /* PBXTargetDependency */,
			);
			name = CodePathWeek2Tests;
			productName = CodePathWeek2Tests;
			productReference = D91FE37318B9C57E00994BC6 /* CodePathWeek2Tests.xctest */;
			productType = "com.apple.product-type.bundle.unit-test";
		};
/* End PBXNativeTarget section */

/* Begin PBXProject section */
		D91FE35018B9C57E00994BC6 /* Project object */ = {
			isa = PBXProject;
			attributes = {
				LastUpgradeCheck = 0500;
				ORGANIZATIONNAME = "Aaron Carambula";
				TargetAttributes = {
					D91FE37218B9C57E00994BC6 = {
						TestTargetID = D91FE35718B9C57E00994BC6;
					};
				};
			};
			buildConfigurationList = D91FE35318B9C57E00994BC6 /* Build configuration list for PBXProject "CodePathWeek2" */;
			compatibilityVersion = "Xcode 3.2";
			developmentRegion = English;
			hasScannedForEncodings = 0;
			knownRegions = (
				en,
			);
			mainGroup = D91FE34F18B9C57E00994BC6;
			productRefGroup = D91FE35918B9C57E00994BC6 /* Products */;
			projectDirPath = "";
			projectRoot = "";
			targets = (
				D91FE35718B9C57E00994BC6 /* CodePathWeek2 */,
				D91FE37218B9C57E00994BC6 /* CodePathWeek2Tests */,
			);
		};
/* End PBXProject section */

/* Begin PBXResourcesBuildPhase section */
		D91FE35618B9C57E00994BC6 /* Resources */ = {
			isa = PBXResourcesBuildPhase;
			buildActionMask = 2147483647;
			files = (
				D91FE36618B9C57E00994BC6 /* InfoPlist.strings in Resources */,
				D91FE36E18B9C57E00994BC6 /* Images.xcassets in Resources */,
			);
			runOnlyForDeploymentPostprocessing = 0;
		};
		D91FE37118B9C57E00994BC6 /* Resources */ = {
			isa = PBXResourcesBuildPhase;
			buildActionMask = 2147483647;
			files = (
				D91FE37F18B9C57E00994BC6 /* InfoPlist.strings in Resources */,
			);
			runOnlyForDeploymentPostprocessing = 0;
		};
/* End PBXResourcesBuildPhase section */

/* Begin PBXSourcesBuildPhase section */
		D91FE35418B9C57E00994BC6 /* Sources */ = {
			isa = PBXSourcesBuildPhase;
			buildActionMask = 2147483647;
			files = (
				D91FE36C18B9C57E00994BC6 /* AppDelegate.m in Sources */,
				D91FE36818B9C57E00994BC6 /* main.m in Sources */,
				D91FE38C18B9C5A300994BC6 /* NotificationsViewController.m in Sources */,
			);
			runOnlyForDeploymentPostprocessing = 0;
		};
		D91FE36F18B9C57E00994BC6 /* Sources */ = {
			isa = PBXSourcesBuildPhase;
			buildActionMask = 2147483647;
			files = (
				D91FE38118B9C57E00994BC6 /* CodePathWeek2Tests.m in Sources */,
			);
			runOnlyForDeploymentPostprocessing = 0;
		};
/* End PBXSourcesBuildPhase section */

/* Begin PBXTargetDependency section */
		D91FE37918B9C57E00994BC6 /* PBXTargetDependency */ = {
			isa = PBXTargetDependency;
			target = D91FE35718B9C57E00994BC6 /* CodePathWeek2 */;
			targetProxy = D91FE37818B9C57E00994BC6 /* PBXContainerItemProxy */;
		};
/* End PBXTargetDependency section */

/* Begin PBXVariantGroup section */
		D91FE36418B9C57E00994BC6 /* InfoPlist.strings */ = {
			isa = PBXVariantGroup;
			children = (
				D91FE36518B9C57E00994BC6 /* en */,
			);
			name = InfoPlist.strings;
			sourceTree = "<group>";
		};
		D91FE37D18B9C57E00994BC6 /* InfoPlist.strings */ = {
			isa = PBXVariantGroup;
			children = (
				D91FE37E18B9C57E00994BC6 /* en */,
			);
			name = InfoPlist.strings;
			sourceTree = "<group>";
		};
/* End PBXVariantGroup section */

/* Begin XCBuildConfiguration section */
		D91FE38218B9C57E00994BC6 /* Debug */ = {
			isa = XCBuildConfiguration;
			buildSettings = {
				ALWAYS_SEARCH_USER_PATHS = NO;
				ARCHS = "$(ARCHS_STANDARD_INCLUDING_64_BIT)";
				CLANG_CXX_LANGUAGE_STANDARD = "gnu++0x";
				CLANG_CXX_LIBRARY = "libc++";
				CLANG_ENABLE_MODULES = YES;
				CLANG_ENABLE_OBJC_ARC = YES;
				CLANG_WARN_BOOL_CONVERSION = YES;
				CLANG_WARN_CONSTANT_CONVERSION = YES;
				CLANG_WARN_DIRECT_OBJC_ISA_USAGE = YES_ERROR;
				CLANG_WARN_EMPTY_BODY = YES;
				CLANG_WARN_ENUM_CONVERSION = YES;
				CLANG_WARN_INT_CONVERSION = YES;
				CLANG_WARN_OBJC_ROOT_CLASS = YES_ERROR;
				CLANG_WARN__DUPLICATE_METHOD_MATCH = YES;
				"CODE_SIGN_IDENTITY[sdk=iphoneos*]" = "iPhone Developer";
				COPY_PHASE_STRIP = NO;
				GCC_C_LANGUAGE_STANDARD = gnu99;
				GCC_DYNAMIC_NO_PIC = NO;
				GCC_OPTIMIZATION_LEVEL = 0;
				GCC_PREPROCESSOR_DEFINITIONS = (
					"DEBUG=1",
					"$(inherited)",
				);
				GCC_SYMBOLS_PRIVATE_EXTERN = NO;
				GCC_WARN_64_TO_32_BIT_CONVERSION = YES;
				GCC_WARN_ABOUT_RETURN_TYPE = YES_ERROR;
				GCC_WARN_UNDECLARED_SELECTOR = YES;
				GCC_WARN_UNINITIALIZED_AUTOS = YES;
				GCC_WARN_UNUSED_FUNCTION = YES;
				GCC_WARN_UNUSED_VARIABLE = YES;
				IPHONEOS_DEPLOYMENT_TARGET = 7.0;
				ONLY_ACTIVE_ARCH = YES;
				SDKROOT = iphoneos;
			};
			name = Debug;
		};
		D91FE38318B9C57E00994BC6 /* Release */ = {
			isa = XCBuildConfiguration;
			buildSettings = {
				ALWAYS_SEARCH_USER_PATHS = NO;
				ARCHS = "$(ARCHS_STANDARD_INCLUDING_64_BIT)";
				CLANG_CXX_LANGUAGE_STANDARD = "gnu++0x";
				CLANG_CXX_LIBRARY = "libc++";
				CLANG_ENABLE_MODULES = YES;
				CLANG_ENABLE_OBJC_ARC = YES;
				CLANG_WARN_BOOL_CONVERSION = YES;
				CLANG_WARN_CONSTANT_CONVERSION = YES;
				CLANG_WARN_DIRECT_OBJC_ISA_USAGE = YES_ERROR;
				CLANG_WARN_EMPTY_BODY = YES;
				CLANG_WARN_ENUM_CONVERSION = YES;
				CLANG_WARN_INT_CONVERSION = YES;
				CLANG_WARN_OBJC_ROOT_CLASS = YES_ERROR;
				CLANG_WARN__DUPLICATE_METHOD_MATCH = YES;
				"CODE_SIGN_IDENTITY[sdk=iphoneos*]" = "iPhone Developer";
				COPY_PHASE_STRIP = YES;
				ENABLE_NS_ASSERTIONS = NO;
				GCC_C_LANGUAGE_STANDARD = gnu99;
				GCC_WARN_64_TO_32_BIT_CONVERSION = YES;
				GCC_WARN_ABOUT_RETURN_TYPE = YES_ERROR;
				GCC_WARN_UNDECLARED_SELECTOR = YES;
				GCC_WARN_UNINITIALIZED_AUTOS = YES;
				GCC_WARN_UNUSED_FUNCTION = YES;
				GCC_WARN_UNUSED_VARIABLE = YES;
				IPHONEOS_DEPLOYMENT_TARGET = 7.0;
				SDKROOT = iphoneos;
				VALIDATE_PRODUCT = YES;
			};
			name = Release;
		};
		D91FE38518B9C57E00994BC6 /* Debug */ = {
			isa = XCBuildConfiguration;
			buildSettings = {
				ASSETCATALOG_COMPILER_APPICON_NAME = AppIcon;
				ASSETCATALOG_COMPILER_LAUNCHIMAGE_NAME = LaunchImage;
				GCC_PRECOMPILE_PREFIX_HEADER = YES;
				GCC_PREFIX_HEADER = "CodePathWeek2/CodePathWeek2-Prefix.pch";
				INFOPLIST_FILE = "CodePathWeek2/CodePathWeek2-Info.plist";
				PRODUCT_NAME = "$(TARGET_NAME)";
				WRAPPER_EXTENSION = app;
			};
			name = Debug;
		};
		D91FE38618B9C57E00994BC6 /* Release */ = {
			isa = XCBuildConfiguration;
			buildSettings = {
				ASSETCATALOG_COMPILER_APPICON_NAME = AppIcon;
				ASSETCATALOG_COMPILER_LAUNCHIMAGE_NAME = LaunchImage;
				GCC_PRECOMPILE_PREFIX_HEADER = YES;
				GCC_PREFIX_HEADER = "CodePathWeek2/CodePathWeek2-Prefix.pch";
				INFOPLIST_FILE = "CodePathWeek2/CodePathWeek2-Info.plist";
				PRODUCT_NAME = "$(TARGET_NAME)";
				WRAPPER_EXTENSION = app;
			};
			name = Release;
		};
		D91FE38818B9C57E00994BC6 /* Debug */ = {
			isa = XCBuildConfiguration;
			buildSettings = {
				ARCHS = "$(ARCHS_STANDARD_INCLUDING_64_BIT)";
				BUNDLE_LOADER = "$(BUILT_PRODUCTS_DIR)/CodePathWeek2.app/CodePathWeek2";
				FRAMEWORK_SEARCH_PATHS = (
					"$(SDKROOT)/Developer/Library/Frameworks",
					"$(inherited)",
					"$(DEVELOPER_FRAMEWORKS_DIR)",
				);
				GCC_PRECOMPILE_PREFIX_HEADER = YES;
				GCC_PREFIX_HEADER = "CodePathWeek2/CodePathWeek2-Prefix.pch";
				GCC_PREPROCESSOR_DEFINITIONS = (
					"DEBUG=1",
					"$(inherited)",
				);
				INFOPLIST_FILE = "CodePathWeek2Tests/CodePathWeek2Tests-Info.plist";
				PRODUCT_NAME = "$(TARGET_NAME)";
				TEST_HOST = "$(BUNDLE_LOADER)";
				WRAPPER_EXTENSION = xctest;
			};
			name = Debug;
		};
		D91FE38918B9C57E00994BC6 /* Release */ = {
			isa = XCBuildConfiguration;
			buildSettings = {
				ARCHS = "$(ARCHS_STANDARD_INCLUDING_64_BIT)";
				BUNDLE_LOADER = "$(BUILT_PRODUCTS_DIR)/CodePathWeek2.app/CodePathWeek2";
				FRAMEWORK_SEARCH_PATHS = (
					"$(SDKROOT)/Developer/Library/Frameworks",
					"$(inherited)",
					"$(DEVELOPER_FRAMEWORKS_DIR)",
				);
				GCC_PRECOMPILE_PREFIX_HEADER = YES;
				GCC_PREFIX_HEADER = "CodePathWeek2/CodePathWeek2-Prefix.pch";
				INFOPLIST_FILE = "CodePathWeek2Tests/CodePathWeek2Tests-Info.plist";
				PRODUCT_NAME = "$(TARGET_NAME)";
				TEST_HOST = "$(BUNDLE_LOADER)";
				WRAPPER_EXTENSION = xctest;
			};
			name = Release;
		};
/* End XCBuildConfiguration section */

/* Begin XCConfigurationList section */
		D91FE35318B9C57E00994BC6 /* Build configuration list for PBXProject "CodePathWeek2" */ = {
			isa = XCConfigurationList;
			buildConfigurations = (
				D91FE38218B9C57E00994BC6 /* Debug */,
				D91FE38318B9C57E00994BC6 /* Release */,
			);
			defaultConfigurationIsVisible = 0;
			defaultConfigurationName = Release;
		};
		D91FE38418B9C57E00994BC6 /* Build configuration list for PBXNativeTarget "CodePathWeek2" */ = {
			isa = XCConfigurationList;
			buildConfigurations = (
				D91FE38518B9C57E00994BC6 /* Debug */,
				D91FE38618B9C57E00994BC6 /* Release */,
			);
			defaultConfigurationIsVisible = 0;
		};
		D91FE38718B9C57E00994BC6 /* Build configuration list for PBXNativeTarget "CodePathWeek2Tests" */ = {
			isa = XCConfigurationList;
			buildConfigurations = (
				D91FE38818B9C57E00994BC6 /* Debug */,
				D91FE38918B9C57E00994BC6 /* Release */,
			);
			defaultConfigurationIsVisible = 0;
		};
/* End XCConfigurationList section */
	};
	rootObject = D91FE35018B9C57E00994BC6 /* Project object */;
}
