// !$*UTF8*$!
{
	archiveVersion = 1;
	classes = {
	};
	objectVersion = 46;
	objects = {

/* Begin PBXBuildFile section */
		D9B287D718ADBAFE00723AB8 /* Context@2x.png in Resources */ = {isa = PBXBuildFile; fileRef = D9B287D618ADBAFE00723AB8 /* Context@2x.png */; };
		D9CA11EF18ADA3FA00252904 /* Foundation.framework in Frameworks */ = {isa = PBXBuildFile; fileRef = D9CA11EE18ADA3FA00252904 /* Foundation.framework */; };
		D9CA11F118ADA3FA00252904 /* CoreGraphics.framework in Frameworks */ = {isa = PBXBuildFile; fileRef = D9CA11F018ADA3FA00252904 /* CoreGraphics.framework */; };
		D9CA11F318ADA3FA00252904 /* UIKit.framework in Frameworks */ = {isa = PBXBuildFile; fileRef = D9CA11F218ADA3FA00252904 /* UIKit.framework */; };
		D9CA11F918ADA3FA00252904 /* InfoPlist.strings in Resources */ = {isa = PBXBuildFile; fileRef = D9CA11F718ADA3FA00252904 /* InfoPlist.strings */; };
		D9CA11FB18ADA3FA00252904 /* main.m in Sources */ = {isa = PBXBuildFile; fileRef = D9CA11FA18ADA3FA00252904 /* main.m */; };
		D9CA11FF18ADA3FA00252904 /* AppDelegate.m in Sources */ = {isa = PBXBuildFile; fileRef = D9CA11FE18ADA3FA00252904 /* AppDelegate.m */; };
		D9CA120118ADA3FA00252904 /* Images.xcassets in Resources */ = {isa = PBXBuildFile; fileRef = D9CA120018ADA3FA00252904 /* Images.xcassets */; };
		D9CA120818ADA3FA00252904 /* XCTest.framework in Frameworks */ = {isa = PBXBuildFile; fileRef = D9CA120718ADA3FA00252904 /* XCTest.framework */; };
		D9CA120918ADA3FA00252904 /* Foundation.framework in Frameworks */ = {isa = PBXBuildFile; fileRef = D9CA11EE18ADA3FA00252904 /* Foundation.framework */; };
		D9CA120A18ADA3FA00252904 /* UIKit.framework in Frameworks */ = {isa = PBXBuildFile; fileRef = D9CA11F218ADA3FA00252904 /* UIKit.framework */; };
		D9CA121218ADA3FA00252904 /* InfoPlist.strings in Resources */ = {isa = PBXBuildFile; fileRef = D9CA121018ADA3FA00252904 /* InfoPlist.strings */; };
		D9CA121418ADA3FA00252904 /* Identity_WalkthroughTests.m in Sources */ = {isa = PBXBuildFile; fileRef = D9CA121318ADA3FA00252904 /* Identity_WalkthroughTests.m */; };
		D9CA122018ADA41200252904 /* PeopleViewController.m in Sources */ = {isa = PBXBuildFile; fileRef = D9CA121E18ADA41200252904 /* PeopleViewController.m */; };
		D9CA122118ADA41200252904 /* PeopleViewController.xib in Resources */ = {isa = PBXBuildFile; fileRef = D9CA121F18ADA41200252904 /* PeopleViewController.xib */; };
		D9CA122518ADA42D00252904 /* ProfileViewController.m in Sources */ = {isa = PBXBuildFile; fileRef = D9CA122318ADA42D00252904 /* ProfileViewController.m */; };
		D9CA122618ADA42D00252904 /* ProfileViewController.xib in Resources */ = {isa = PBXBuildFile; fileRef = D9CA122418ADA42D00252904 /* ProfileViewController.xib */; };
		D9CA122A18ADA44500252904 /* AboutViewController.m in Sources */ = {isa = PBXBuildFile; fileRef = D9CA122818ADA44500252904 /* AboutViewController.m */; };
		D9CA122B18ADA44500252904 /* AboutViewController.xib in Resources */ = {isa = PBXBuildFile; fileRef = D9CA122918ADA44500252904 /* AboutViewController.xib */; };
/* End PBXBuildFile section */

/* Begin PBXContainerItemProxy section */
		D9CA120B18ADA3FA00252904 /* PBXContainerItemProxy */ = {
			isa = PBXContainerItemProxy;
			containerPortal = D9CA11E318ADA3FA00252904 /* Project object */;
			proxyType = 1;
			remoteGlobalIDString = D9CA11EA18ADA3FA00252904;
			remoteInfo = "Identity Walkthrough";
		};
/* End PBXContainerItemProxy section */

/* Begin PBXFileReference section */
		D9B287D618ADBAFE00723AB8 /* Context@2x.png */ = {isa = PBXFileReference; lastKnownFileType = image.png; path = "Context@2x.png"; sourceTree = "<group>"; };
		D9CA11EB18ADA3FA00252904 /* Identity Walkthrough.app */ = {isa = PBXFileReference; explicitFileType = wrapper.application; includeInIndex = 0; path = "Identity Walkthrough.app"; sourceTree = BUILT_PRODUCTS_DIR; };
		D9CA11EE18ADA3FA00252904 /* Foundation.framework */ = {isa = PBXFileReference; lastKnownFileType = wrapper.framework; name = Foundation.framework; path = System/Library/Frameworks/Foundation.framework; sourceTree = SDKROOT; };
		D9CA11F018ADA3FA00252904 /* CoreGraphics.framework */ = {isa = PBXFileReference; lastKnownFileType = wrapper.framework; name = CoreGraphics.framework; path = System/Library/Frameworks/CoreGraphics.framework; sourceTree = SDKROOT; };
		D9CA11F218ADA3FA00252904 /* UIKit.framework */ = {isa = PBXFileReference; lastKnownFileType = wrapper.framework; name = UIKit.framework; path = System/Library/Frameworks/UIKit.framework; sourceTree = SDKROOT; };
		D9CA11F618ADA3FA00252904 /* Identity Walkthrough-Info.plist */ = {isa = PBXFileReference; lastKnownFileType = text.plist.xml; path = "Identity Walkthrough-Info.plist"; sourceTree = "<group>"; };
		D9CA11F818ADA3FA00252904 /* en */ = {isa = PBXFileReference; lastKnownFileType = text.plist.strings; name = en; path = en.lproj/InfoPlist.strings; sourceTree = "<group>"; };
		D9CA11FA18ADA3FA00252904 /* main.m */ = {isa = PBXFileReference; lastKnownFileType = sourcecode.c.objc; path = main.m; sourceTree = "<group>"; };
		D9CA11FC18ADA3FA00252904 /* Identity Walkthrough-Prefix.pch */ = {isa = PBXFileReference; lastKnownFileType = sourcecode.c.h; path = "Identity Walkthrough-Prefix.pch"; sourceTree = "<group>"; };
		D9CA11FD18ADA3FA00252904 /* AppDelegate.h */ = {isa = PBXFileReference; lastKnownFileType = sourcecode.c.h; path = AppDelegate.h; sourceTree = "<group>"; };
		D9CA11FE18ADA3FA00252904 /* AppDelegate.m */ = {isa = PBXFileReference; lastKnownFileType = sourcecode.c.objc; path = AppDelegate.m; sourceTree = "<group>"; };
		D9CA120018ADA3FA00252904 /* Images.xcassets */ = {isa = PBXFileReference; lastKnownFileType = folder.assetcatalog; path = Images.xcassets; sourceTree = "<group>"; };
		D9CA120618ADA3FA00252904 /* Identity WalkthroughTests.xctest */ = {isa = PBXFileReference; explicitFileType = wrapper.cfbundle; includeInIndex = 0; path = "Identity WalkthroughTests.xctest"; sourceTree = BUILT_PRODUCTS_DIR; };
		D9CA120718ADA3FA00252904 /* XCTest.framework */ = {isa = PBXFileReference; lastKnownFileType = wrapper.framework; name = XCTest.framework; path = Library/Frameworks/XCTest.framework; sourceTree = DEVELOPER_DIR; };
		D9CA120F18ADA3FA00252904 /* Identity WalkthroughTests-Info.plist */ = {isa = PBXFileReference; lastKnownFileType = text.plist.xml; path = "Identity WalkthroughTests-Info.plist"; sourceTree = "<group>"; };
		D9CA121118ADA3FA00252904 /* en */ = {isa = PBXFileReference; lastKnownFileType = text.plist.strings; name = en; path = en.lproj/InfoPlist.strings; sourceTree = "<group>"; };
		D9CA121318ADA3FA00252904 /* Identity_WalkthroughTests.m */ = {isa = PBXFileReference; lastKnownFileType = sourcecode.c.objc; path = Identity_WalkthroughTests.m; sourceTree = "<group>"; };
		D9CA121D18ADA41200252904 /* PeopleViewController.h */ = {isa = PBXFileReference; fileEncoding = 4; lastKnownFileType = sourcecode.c.h; path = PeopleViewController.h; sourceTree = "<group>"; };
		D9CA121E18ADA41200252904 /* PeopleViewController.m */ = {isa = PBXFileReference; fileEncoding = 4; lastKnownFileType = sourcecode.c.objc; path = PeopleViewController.m; sourceTree = "<group>"; };
		D9CA121F18ADA41200252904 /* PeopleViewController.xib */ = {isa = PBXFileReference; fileEncoding = 4; lastKnownFileType = file.xib; path = PeopleViewController.xib; sourceTree = "<group>"; };
		D9CA122218ADA42D00252904 /* ProfileViewController.h */ = {isa = PBXFileReference; fileEncoding = 4; lastKnownFileType = sourcecode.c.h; path = ProfileViewController.h; sourceTree = "<group>"; };
		D9CA122318ADA42D00252904 /* ProfileViewController.m */ = {isa = PBXFileReference; fileEncoding = 4; lastKnownFileType = sourcecode.c.objc; path = ProfileViewController.m; sourceTree = "<group>"; };
		D9CA122418ADA42D00252904 /* ProfileViewController.xib */ = {isa = PBXFileReference; fileEncoding = 4; lastKnownFileType = file.xib; path = ProfileViewController.xib; sourceTree = "<group>"; };
		D9CA122718ADA44500252904 /* AboutViewController.h */ = {isa = PBXFileReference; fileEncoding = 4; lastKnownFileType = sourcecode.c.h; path = AboutViewController.h; sourceTree = "<group>"; };
		D9CA122818ADA44500252904 /* AboutViewController.m */ = {isa = PBXFileReference; fileEncoding = 4; lastKnownFileType = sourcecode.c.objc; path = AboutViewController.m; sourceTree = "<group>"; };
		D9CA122918ADA44500252904 /* AboutViewController.xib */ = {isa = PBXFileReference; fileEncoding = 4; lastKnownFileType = file.xib; path = AboutViewController.xib; sourceTree = "<group>"; };
/* End PBXFileReference section */

/* Begin PBXFrameworksBuildPhase section */
		D9CA11E818ADA3FA00252904 /* Frameworks */ = {
			isa = PBXFrameworksBuildPhase;
			buildActionMask = 2147483647;
			files = (
				D9CA11F118ADA3FA00252904 /* CoreGraphics.framework in Frameworks */,
				D9CA11F318ADA3FA00252904 /* UIKit.framework in Frameworks */,
				D9CA11EF18ADA3FA00252904 /* Foundation.framework in Frameworks */,
			);
			runOnlyForDeploymentPostprocessing = 0;
		};
		D9CA120318ADA3FA00252904 /* Frameworks */ = {
			isa = PBXFrameworksBuildPhase;
			buildActionMask = 2147483647;
			files = (
				D9CA120818ADA3FA00252904 /* XCTest.framework in Frameworks */,
				D9CA120A18ADA3FA00252904 /* UIKit.framework in Frameworks */,
				D9CA120918ADA3FA00252904 /* Foundation.framework in Frameworks */,
			);
			runOnlyForDeploymentPostprocessing = 0;
		};
/* End PBXFrameworksBuildPhase section */

/* Begin PBXGroup section */
		D9B287D818ADBB0700723AB8 /* Assets */ = {
			isa = PBXGroup;
			children = (
				D9B287D618ADBAFE00723AB8 /* Context@2x.png */,
			);
			name = Assets;
			sourceTree = "<group>";
		};
		D9CA11E218ADA3FA00252904 = {
			isa = PBXGroup;
			children = (
				D9CA11F418ADA3FA00252904 /* Identity Walkthrough */,
				D9CA120D18ADA3FA00252904 /* Identity WalkthroughTests */,
				D9CA11ED18ADA3FA00252904 /* Frameworks */,
				D9CA11EC18ADA3FA00252904 /* Products */,
			);
			sourceTree = "<group>";
		};
		D9CA11EC18ADA3FA00252904 /* Products */ = {
			isa = PBXGroup;
			children = (
				D9CA11EB18ADA3FA00252904 /* Identity Walkthrough.app */,
				D9CA120618ADA3FA00252904 /* Identity WalkthroughTests.xctest */,
			);
			name = Products;
			sourceTree = "<group>";
		};
		D9CA11ED18ADA3FA00252904 /* Frameworks */ = {
			isa = PBXGroup;
			children = (
				D9CA11EE18ADA3FA00252904 /* Foundation.framework */,
				D9CA11F018ADA3FA00252904 /* CoreGraphics.framework */,
				D9CA11F218ADA3FA00252904 /* UIKit.framework */,
				D9CA120718ADA3FA00252904 /* XCTest.framework */,
			);
			name = Frameworks;
			sourceTree = "<group>";
		};
		D9CA11F418ADA3FA00252904 /* Identity Walkthrough */ = {
			isa = PBXGroup;
			children = (
				D9B287D818ADBB0700723AB8 /* Assets */,
				D9CA11FD18ADA3FA00252904 /* AppDelegate.h */,
				D9CA11FE18ADA3FA00252904 /* AppDelegate.m */,
				D9CA120018ADA3FA00252904 /* Images.xcassets */,
				D9CA11F518ADA3FA00252904 /* Supporting Files */,
				D9CA121D18ADA41200252904 /* PeopleViewController.h */,
				D9CA121E18ADA41200252904 /* PeopleViewController.m */,
				D9CA121F18ADA41200252904 /* PeopleViewController.xib */,
				D9CA122218ADA42D00252904 /* ProfileViewController.h */,
				D9CA122318ADA42D00252904 /* ProfileViewController.m */,
				D9CA122418ADA42D00252904 /* ProfileViewController.xib */,
				D9CA122718ADA44500252904 /* AboutViewController.h */,
				D9CA122818ADA44500252904 /* AboutViewController.m */,
				D9CA122918ADA44500252904 /* AboutViewController.xib */,
			);
			path = "Identity Walkthrough";
			sourceTree = "<group>";
		};
		D9CA11F518ADA3FA00252904 /* Supporting Files */ = {
			isa = PBXGroup;
			children = (
				D9CA11F618ADA3FA00252904 /* Identity Walkthrough-Info.plist */,
				D9CA11F718ADA3FA00252904 /* InfoPlist.strings */,
				D9CA11FA18ADA3FA00252904 /* main.m */,
				D9CA11FC18ADA3FA00252904 /* Identity Walkthrough-Prefix.pch */,
			);
			name = "Supporting Files";
			sourceTree = "<group>";
		};
		D9CA120D18ADA3FA00252904 /* Identity WalkthroughTests */ = {
			isa = PBXGroup;
			children = (
				D9CA121318ADA3FA00252904 /* Identity_WalkthroughTests.m */,
				D9CA120E18ADA3FA00252904 /* Supporting Files */,
			);
			path = "Identity WalkthroughTests";
			sourceTree = "<group>";
		};
		D9CA120E18ADA3FA00252904 /* Supporting Files */ = {
			isa = PBXGroup;
			children = (
				D9CA120F18ADA3FA00252904 /* Identity WalkthroughTests-Info.plist */,
				D9CA121018ADA3FA00252904 /* InfoPlist.strings */,
			);
			name = "Supporting Files";
			sourceTree = "<group>";
		};
/* End PBXGroup section */

/* Begin PBXNativeTarget section */
		D9CA11EA18ADA3FA00252904 /* Identity Walkthrough */ = {
			isa = PBXNativeTarget;
			buildConfigurationList = D9CA121718ADA3FA00252904 /* Build configuration list for PBXNativeTarget "Identity Walkthrough" */;
			buildPhases = (
				D9CA11E718ADA3FA00252904 /* Sources */,
				D9CA11E818ADA3FA00252904 /* Frameworks */,
				D9CA11E918ADA3FA00252904 /* Resources */,
			);
			buildRules = (
			);
			dependencies = (
			);
			name = "Identity Walkthrough";
			productName = "Identity Walkthrough";
			productReference = D9CA11EB18ADA3FA00252904 /* Identity Walkthrough.app */;
			productType = "com.apple.product-type.application";
		};
		D9CA120518ADA3FA00252904 /* Identity WalkthroughTests */ = {
			isa = PBXNativeTarget;
			buildConfigurationList = D9CA121A18ADA3FA00252904 /* Build configuration list for PBXNativeTarget "Identity WalkthroughTests" */;
			buildPhases = (
				D9CA120218ADA3FA00252904 /* Sources */,
				D9CA120318ADA3FA00252904 /* Frameworks */,
				D9CA120418ADA3FA00252904 /* Resources */,
			);
			buildRules = (
			);
			dependencies = (
				D9CA120C18ADA3FA00252904 /* PBXTargetDependency */,
			);
			name = "Identity WalkthroughTests";
			productName = "Identity WalkthroughTests";
			productReference = D9CA120618ADA3FA00252904 /* Identity WalkthroughTests.xctest */;
			productType = "com.apple.product-type.bundle.unit-test";
		};
/* End PBXNativeTarget section */

/* Begin PBXProject section */
		D9CA11E318ADA3FA00252904 /* Project object */ = {
			isa = PBXProject;
			attributes = {
				LastUpgradeCheck = 0500;
				ORGANIZATIONNAME = "Aaron Carambula";
				TargetAttributes = {
					D9CA120518ADA3FA00252904 = {
						TestTargetID = D9CA11EA18ADA3FA00252904;
					};
				};
			};
			buildConfigurationList = D9CA11E618ADA3FA00252904 /* Build configuration list for PBXProject "Identity Walkthrough" */;
			compatibilityVersion = "Xcode 3.2";
			developmentRegion = English;
			hasScannedForEncodings = 0;
			knownRegions = (
				en,
			);
			mainGroup = D9CA11E218ADA3FA00252904;
			productRefGroup = D9CA11EC18ADA3FA00252904 /* Products */;
			projectDirPath = "";
			projectRoot = "";
			targets = (
				D9CA11EA18ADA3FA00252904 /* Identity Walkthrough */,
				D9CA120518ADA3FA00252904 /* Identity WalkthroughTests */,
			);
		};
/* End PBXProject section */

/* Begin PBXResourcesBuildPhase section */
		D9CA11E918ADA3FA00252904 /* Resources */ = {
			isa = PBXResourcesBuildPhase;
			buildActionMask = 2147483647;
			files = (
				D9CA11F918ADA3FA00252904 /* InfoPlist.strings in Resources */,
				D9CA122118ADA41200252904 /* PeopleViewController.xib in Resources */,
				D9CA122618ADA42D00252904 /* ProfileViewController.xib in Resources */,
				D9B287D718ADBAFE00723AB8 /* Context@2x.png in Resources */,
				D9CA120118ADA3FA00252904 /* Images.xcassets in Resources */,
				D9CA122B18ADA44500252904 /* AboutViewController.xib in Resources */,
			);
			runOnlyForDeploymentPostprocessing = 0;
		};
		D9CA120418ADA3FA00252904 /* Resources */ = {
			isa = PBXResourcesBuildPhase;
			buildActionMask = 2147483647;
			files = (
				D9CA121218ADA3FA00252904 /* InfoPlist.strings in Resources */,
			);
			runOnlyForDeploymentPostprocessing = 0;
		};
/* End PBXResourcesBuildPhase section */

/* Begin PBXSourcesBuildPhase section */
		D9CA11E718ADA3FA00252904 /* Sources */ = {
			isa = PBXSourcesBuildPhase;
			buildActionMask = 2147483647;
			files = (
				D9CA122018ADA41200252904 /* PeopleViewController.m in Sources */,
				D9CA122A18ADA44500252904 /* AboutViewController.m in Sources */,
				D9CA11FF18ADA3FA00252904 /* AppDelegate.m in Sources */,
				D9CA122518ADA42D00252904 /* ProfileViewController.m in Sources */,
				D9CA11FB18ADA3FA00252904 /* main.m in Sources */,
			);
			runOnlyForDeploymentPostprocessing = 0;
		};
		D9CA120218ADA3FA00252904 /* Sources */ = {
			isa = PBXSourcesBuildPhase;
			buildActionMask = 2147483647;
			files = (
				D9CA121418ADA3FA00252904 /* Identity_WalkthroughTests.m in Sources */,
			);
			runOnlyForDeploymentPostprocessing = 0;
		};
/* End PBXSourcesBuildPhase section */

/* Begin PBXTargetDependency section */
		D9CA120C18ADA3FA00252904 /* PBXTargetDependency */ = {
			isa = PBXTargetDependency;
			target = D9CA11EA18ADA3FA00252904 /* Identity Walkthrough */;
			targetProxy = D9CA120B18ADA3FA00252904 /* PBXContainerItemProxy */;
		};
/* End PBXTargetDependency section */

/* Begin PBXVariantGroup section */
		D9CA11F718ADA3FA00252904 /* InfoPlist.strings */ = {
			isa = PBXVariantGroup;
			children = (
				D9CA11F818ADA3FA00252904 /* en */,
			);
			name = InfoPlist.strings;
			sourceTree = "<group>";
		};
		D9CA121018ADA3FA00252904 /* InfoPlist.strings */ = {
			isa = PBXVariantGroup;
			children = (
				D9CA121118ADA3FA00252904 /* en */,
			);
			name = InfoPlist.strings;
			sourceTree = "<group>";
		};
/* End PBXVariantGroup section */

/* Begin XCBuildConfiguration section */
		D9CA121518ADA3FA00252904 /* Debug */ = {
			isa = XCBuildConfiguration;
			buildSettings = {
				ALWAYS_SEARCH_USER_PATHS = NO;
				ARCHS = "$(ARCHS_STANDARD_INCLUDING_64_BIT)";
				CLANG_CXX_LANGUAGE_STANDARD = "gnu++0x";
				CLANG_CXX_LIBRARY = "libc++";
				CLANG_ENABLE_MODULES = YES;
				CLANG_ENABLE_OBJC_ARC = YES;
				CLANG_WARN_BOOL_CONVERSION = YES;
				CLANG_WARN_CONSTANT_CONVERSION = YES;
				CLANG_WARN_DIRECT_OBJC_ISA_USAGE = YES_ERROR;
				CLANG_WARN_EMPTY_BODY = YES;
				CLANG_WARN_ENUM_CONVERSION = YES;
				CLANG_WARN_INT_CONVERSION = YES;
				CLANG_WARN_OBJC_ROOT_CLASS = YES_ERROR;
				CLANG_WARN__DUPLICATE_METHOD_MATCH = YES;
				"CODE_SIGN_IDENTITY[sdk=iphoneos*]" = "iPhone Developer";
				COPY_PHASE_STRIP = NO;
				GCC_C_LANGUAGE_STANDARD = gnu99;
				GCC_DYNAMIC_NO_PIC = NO;
				GCC_OPTIMIZATION_LEVEL = 0;
				GCC_PREPROCESSOR_DEFINITIONS = (
					"DEBUG=1",
					"$(inherited)",
				);
				GCC_SYMBOLS_PRIVATE_EXTERN = NO;
				GCC_WARN_64_TO_32_BIT_CONVERSION = YES;
				GCC_WARN_ABOUT_RETURN_TYPE = YES_ERROR;
				GCC_WARN_UNDECLARED_SELECTOR = YES;
				GCC_WARN_UNINITIALIZED_AUTOS = YES;
				GCC_WARN_UNUSED_FUNCTION = YES;
				GCC_WARN_UNUSED_VARIABLE = YES;
				IPHONEOS_DEPLOYMENT_TARGET = 7.0;
				ONLY_ACTIVE_ARCH = YES;
				SDKROOT = iphoneos;
			};
			name = Debug;
		};
		D9CA121618ADA3FA00252904 /* Release */ = {
			isa = XCBuildConfiguration;
			buildSettings = {
				ALWAYS_SEARCH_USER_PATHS = NO;
				ARCHS = "$(ARCHS_STANDARD_INCLUDING_64_BIT)";
				CLANG_CXX_LANGUAGE_STANDARD = "gnu++0x";
				CLANG_CXX_LIBRARY = "libc++";
				CLANG_ENABLE_MODULES = YES;
				CLANG_ENABLE_OBJC_ARC = YES;
				CLANG_WARN_BOOL_CONVERSION = YES;
				CLANG_WARN_CONSTANT_CONVERSION = YES;
				CLANG_WARN_DIRECT_OBJC_ISA_USAGE = YES_ERROR;
				CLANG_WARN_EMPTY_BODY = YES;
				CLANG_WARN_ENUM_CONVERSION = YES;
				CLANG_WARN_INT_CONVERSION = YES;
				CLANG_WARN_OBJC_ROOT_CLASS = YES_ERROR;
				CLANG_WARN__DUPLICATE_METHOD_MATCH = YES;
				"CODE_SIGN_IDENTITY[sdk=iphoneos*]" = "iPhone Developer";
				COPY_PHASE_STRIP = YES;
				ENABLE_NS_ASSERTIONS = NO;
				GCC_C_LANGUAGE_STANDARD = gnu99;
				GCC_WARN_64_TO_32_BIT_CONVERSION = YES;
				GCC_WARN_ABOUT_RETURN_TYPE = YES_ERROR;
				GCC_WARN_UNDECLARED_SELECTOR = YES;
				GCC_WARN_UNINITIALIZED_AUTOS = YES;
				GCC_WARN_UNUSED_FUNCTION = YES;
				GCC_WARN_UNUSED_VARIABLE = YES;
				IPHONEOS_DEPLOYMENT_TARGET = 7.0;
				SDKROOT = iphoneos;
				VALIDATE_PRODUCT = YES;
			};
			name = Release;
		};
		D9CA121818ADA3FA00252904 /* Debug */ = {
			isa = XCBuildConfiguration;
			buildSettings = {
				ASSETCATALOG_COMPILER_APPICON_NAME = AppIcon;
				ASSETCATALOG_COMPILER_LAUNCHIMAGE_NAME = LaunchImage;
				GCC_PRECOMPILE_PREFIX_HEADER = YES;
				GCC_PREFIX_HEADER = "Identity Walkthrough/Identity Walkthrough-Prefix.pch";
				INFOPLIST_FILE = "Identity Walkthrough/Identity Walkthrough-Info.plist";
				PRODUCT_NAME = "$(TARGET_NAME)";
				WRAPPER_EXTENSION = app;
			};
			name = Debug;
		};
		D9CA121918ADA3FA00252904 /* Release */ = {
			isa = XCBuildConfiguration;
			buildSettings = {
				ASSETCATALOG_COMPILER_APPICON_NAME = AppIcon;
				ASSETCATALOG_COMPILER_LAUNCHIMAGE_NAME = LaunchImage;
				GCC_PRECOMPILE_PREFIX_HEADER = YES;
				GCC_PREFIX_HEADER = "Identity Walkthrough/Identity Walkthrough-Prefix.pch";
				INFOPLIST_FILE = "Identity Walkthrough/Identity Walkthrough-Info.plist";
				PRODUCT_NAME = "$(TARGET_NAME)";
				WRAPPER_EXTENSION = app;
			};
			name = Release;
		};
		D9CA121B18ADA3FA00252904 /* Debug */ = {
			isa = XCBuildConfiguration;
			buildSettings = {
				ARCHS = "$(ARCHS_STANDARD_INCLUDING_64_BIT)";
				BUNDLE_LOADER = "$(BUILT_PRODUCTS_DIR)/Identity Walkthrough.app/Identity Walkthrough";
				FRAMEWORK_SEARCH_PATHS = (
					"$(SDKROOT)/Developer/Library/Frameworks",
					"$(inherited)",
					"$(DEVELOPER_FRAMEWORKS_DIR)",
				);
				GCC_PRECOMPILE_PREFIX_HEADER = YES;
				GCC_PREFIX_HEADER = "Identity Walkthrough/Identity Walkthrough-Prefix.pch";
				GCC_PREPROCESSOR_DEFINITIONS = (
					"DEBUG=1",
					"$(inherited)",
				);
				INFOPLIST_FILE = "Identity WalkthroughTests/Identity WalkthroughTests-Info.plist";
				PRODUCT_NAME = "$(TARGET_NAME)";
				TEST_HOST = "$(BUNDLE_LOADER)";
				WRAPPER_EXTENSION = xctest;
			};
			name = Debug;
		};
		D9CA121C18ADA3FA00252904 /* Release */ = {
			isa = XCBuildConfiguration;
			buildSettings = {
				ARCHS = "$(ARCHS_STANDARD_INCLUDING_64_BIT)";
				BUNDLE_LOADER = "$(BUILT_PRODUCTS_DIR)/Identity Walkthrough.app/Identity Walkthrough";
				FRAMEWORK_SEARCH_PATHS = (
					"$(SDKROOT)/Developer/Library/Frameworks",
					"$(inherited)",
					"$(DEVELOPER_FRAMEWORKS_DIR)",
				);
				GCC_PRECOMPILE_PREFIX_HEADER = YES;
				GCC_PREFIX_HEADER = "Identity Walkthrough/Identity Walkthrough-Prefix.pch";
				INFOPLIST_FILE = "Identity WalkthroughTests/Identity WalkthroughTests-Info.plist";
				PRODUCT_NAME = "$(TARGET_NAME)";
				TEST_HOST = "$(BUNDLE_LOADER)";
				WRAPPER_EXTENSION = xctest;
			};
			name = Release;
		};
/* End XCBuildConfiguration section */

/* Begin XCConfigurationList section */
		D9CA11E618ADA3FA00252904 /* Build configuration list for PBXProject "Identity Walkthrough" */ = {
			isa = XCConfigurationList;
			buildConfigurations = (
				D9CA121518ADA3FA00252904 /* Debug */,
				D9CA121618ADA3FA00252904 /* Release */,
			);
			defaultConfigurationIsVisible = 0;
			defaultConfigurationName = Release;
		};
		D9CA121718ADA3FA00252904 /* Build configuration list for PBXNativeTarget "Identity Walkthrough" */ = {
			isa = XCConfigurationList;
			buildConfigurations = (
				D9CA121818ADA3FA00252904 /* Debug */,
				D9CA121918ADA3FA00252904 /* Release */,
			);
			defaultConfigurationIsVisible = 0;
			defaultConfigurationName = Release;
		};
		D9CA121A18ADA3FA00252904 /* Build configuration list for PBXNativeTarget "Identity WalkthroughTests" */ = {
			isa = XCConfigurationList;
			buildConfigurations = (
				D9CA121B18ADA3FA00252904 /* Debug */,
				D9CA121C18ADA3FA00252904 /* Release */,
			);
			defaultConfigurationIsVisible = 0;
			defaultConfigurationName = Release;
		};
/* End XCConfigurationList section */
	};
	rootObject = D9CA11E318ADA3FA00252904 /* Project object */;
}
