// !$*UTF8*$!
{
	archiveVersion = 1;
	classes = {
	};
	objectVersion = 46;
	objects = {

/* Begin PBXBuildFile section */
		D9FF7D3918CAA15E00DF43BF /* Foundation.framework in Frameworks */ = {isa = PBXBuildFile; fileRef = D9FF7D3818CAA15E00DF43BF /* Foundation.framework */; };
		D9FF7D3B18CAA15E00DF43BF /* CoreGraphics.framework in Frameworks */ = {isa = PBXBuildFile; fileRef = D9FF7D3A18CAA15E00DF43BF /* CoreGraphics.framework */; };
		D9FF7D3D18CAA15E00DF43BF /* UIKit.framework in Frameworks */ = {isa = PBXBuildFile; fileRef = D9FF7D3C18CAA15E00DF43BF /* UIKit.framework */; };
		D9FF7D4318CAA15E00DF43BF /* InfoPlist.strings in Resources */ = {isa = PBXBuildFile; fileRef = D9FF7D4118CAA15E00DF43BF /* InfoPlist.strings */; };
		D9FF7D4518CAA15E00DF43BF /* main.m in Sources */ = {isa = PBXBuildFile; fileRef = D9FF7D4418CAA15E00DF43BF /* main.m */; };
		D9FF7D4918CAA15E00DF43BF /* AppDelegate.m in Sources */ = {isa = PBXBuildFile; fileRef = D9FF7D4818CAA15E00DF43BF /* AppDelegate.m */; };
		D9FF7D4B18CAA15E00DF43BF /* Images.xcassets in Resources */ = {isa = PBXBuildFile; fileRef = D9FF7D4A18CAA15E00DF43BF /* Images.xcassets */; };
		D9FF7D5218CAA15E00DF43BF /* XCTest.framework in Frameworks */ = {isa = PBXBuildFile; fileRef = D9FF7D5118CAA15E00DF43BF /* XCTest.framework */; };
		D9FF7D5318CAA15E00DF43BF /* Foundation.framework in Frameworks */ = {isa = PBXBuildFile; fileRef = D9FF7D3818CAA15E00DF43BF /* Foundation.framework */; };
		D9FF7D5418CAA15E00DF43BF /* UIKit.framework in Frameworks */ = {isa = PBXBuildFile; fileRef = D9FF7D3C18CAA15E00DF43BF /* UIKit.framework */; };
		D9FF7D5C18CAA15E00DF43BF /* InfoPlist.strings in Resources */ = {isa = PBXBuildFile; fileRef = D9FF7D5A18CAA15E00DF43BF /* InfoPlist.strings */; };
		D9FF7D5E18CAA15E00DF43BF /* SelfieStickTests.m in Sources */ = {isa = PBXBuildFile; fileRef = D9FF7D5D18CAA15E00DF43BF /* SelfieStickTests.m */; };
		D9FF7D6918CAA16A00DF43BF /* MainViewController.m in Sources */ = {isa = PBXBuildFile; fileRef = D9FF7D6818CAA16A00DF43BF /* MainViewController.m */; };
/* End PBXBuildFile section */

/* Begin PBXContainerItemProxy section */
		D9FF7D5518CAA15E00DF43BF /* PBXContainerItemProxy */ = {
			isa = PBXContainerItemProxy;
			containerPortal = D9FF7D2D18CAA15E00DF43BF /* Project object */;
			proxyType = 1;
			remoteGlobalIDString = D9FF7D3418CAA15E00DF43BF;
			remoteInfo = SelfieStick;
		};
/* End PBXContainerItemProxy section */

/* Begin PBXFileReference section */
		D9FF7D3518CAA15E00DF43BF /* SelfieStick.app */ = {isa = PBXFileReference; explicitFileType = wrapper.application; includeInIndex = 0; path = SelfieStick.app; sourceTree = BUILT_PRODUCTS_DIR; };
		D9FF7D3818CAA15E00DF43BF /* Foundation.framework */ = {isa = PBXFileReference; lastKnownFileType = wrapper.framework; name = Foundation.framework; path = System/Library/Frameworks/Foundation.framework; sourceTree = SDKROOT; };
		D9FF7D3A18CAA15E00DF43BF /* CoreGraphics.framework */ = {isa = PBXFileReference; lastKnownFileType = wrapper.framework; name = CoreGraphics.framework; path = System/Library/Frameworks/CoreGraphics.framework; sourceTree = SDKROOT; };
		D9FF7D3C18CAA15E00DF43BF /* UIKit.framework */ = {isa = PBXFileReference; lastKnownFileType = wrapper.framework; name = UIKit.framework; path = System/Library/Frameworks/UIKit.framework; sourceTree = SDKROOT; };
		D9FF7D4018CAA15E00DF43BF /* SelfieStick-Info.plist */ = {isa = PBXFileReference; lastKnownFileType = text.plist.xml; path = "SelfieStick-Info.plist"; sourceTree = "<group>"; };
		D9FF7D4218CAA15E00DF43BF /* en */ = {isa = PBXFileReference; lastKnownFileType = text.plist.strings; name = en; path = en.lproj/InfoPlist.strings; sourceTree = "<group>"; };
		D9FF7D4418CAA15E00DF43BF /* main.m */ = {isa = PBXFileReference; lastKnownFileType = sourcecode.c.objc; path = main.m; sourceTree = "<group>"; };
		D9FF7D4618CAA15E00DF43BF /* SelfieStick-Prefix.pch */ = {isa = PBXFileReference; lastKnownFileType = sourcecode.c.h; path = "SelfieStick-Prefix.pch"; sourceTree = "<group>"; };
		D9FF7D4718CAA15E00DF43BF /* AppDelegate.h */ = {isa = PBXFileReference; lastKnownFileType = sourcecode.c.h; path = AppDelegate.h; sourceTree = "<group>"; };
		D9FF7D4818CAA15E00DF43BF /* AppDelegate.m */ = {isa = PBXFileReference; lastKnownFileType = sourcecode.c.objc; path = AppDelegate.m; sourceTree = "<group>"; };
		D9FF7D4A18CAA15E00DF43BF /* Images.xcassets */ = {isa = PBXFileReference; lastKnownFileType = folder.assetcatalog; path = Images.xcassets; sourceTree = "<group>"; };
		D9FF7D5018CAA15E00DF43BF /* SelfieStickTests.xctest */ = {isa = PBXFileReference; explicitFileType = wrapper.cfbundle; includeInIndex = 0; path = SelfieStickTests.xctest; sourceTree = BUILT_PRODUCTS_DIR; };
		D9FF7D5118CAA15E00DF43BF /* XCTest.framework */ = {isa = PBXFileReference; lastKnownFileType = wrapper.framework; name = XCTest.framework; path = Library/Frameworks/XCTest.framework; sourceTree = DEVELOPER_DIR; };
		D9FF7D5918CAA15E00DF43BF /* SelfieStickTests-Info.plist */ = {isa = PBXFileReference; lastKnownFileType = text.plist.xml; path = "SelfieStickTests-Info.plist"; sourceTree = "<group>"; };
		D9FF7D5B18CAA15E00DF43BF /* en */ = {isa = PBXFileReference; lastKnownFileType = text.plist.strings; name = en; path = en.lproj/InfoPlist.strings; sourceTree = "<group>"; };
		D9FF7D5D18CAA15E00DF43BF /* SelfieStickTests.m */ = {isa = PBXFileReference; lastKnownFileType = sourcecode.c.objc; path = SelfieStickTests.m; sourceTree = "<group>"; };
		D9FF7D6718CAA16A00DF43BF /* MainViewController.h */ = {isa = PBXFileReference; fileEncoding = 4; lastKnownFileType = sourcecode.c.h; path = MainViewController.h; sourceTree = "<group>"; };
		D9FF7D6818CAA16A00DF43BF /* MainViewController.m */ = {isa = PBXFileReference; fileEncoding = 4; lastKnownFileType = sourcecode.c.objc; path = MainViewController.m; sourceTree = "<group>"; };
/* End PBXFileReference section */

/* Begin PBXFrameworksBuildPhase section */
		D9FF7D3218CAA15E00DF43BF /* Frameworks */ = {
			isa = PBXFrameworksBuildPhase;
			buildActionMask = 2147483647;
			files = (
				D9FF7D3B18CAA15E00DF43BF /* CoreGraphics.framework in Frameworks */,
				D9FF7D3D18CAA15E00DF43BF /* UIKit.framework in Frameworks */,
				D9FF7D3918CAA15E00DF43BF /* Foundation.framework in Frameworks */,
			);
			runOnlyForDeploymentPostprocessing = 0;
		};
		D9FF7D4D18CAA15E00DF43BF /* Frameworks */ = {
			isa = PBXFrameworksBuildPhase;
			buildActionMask = 2147483647;
			files = (
				D9FF7D5218CAA15E00DF43BF /* XCTest.framework in Frameworks */,
				D9FF7D5418CAA15E00DF43BF /* UIKit.framework in Frameworks */,
				D9FF7D5318CAA15E00DF43BF /* Foundation.framework in Frameworks */,
			);
			runOnlyForDeploymentPostprocessing = 0;
		};
/* End PBXFrameworksBuildPhase section */

/* Begin PBXGroup section */
		D9FF7D2C18CAA15E00DF43BF = {
			isa = PBXGroup;
			children = (
				D9FF7D3E18CAA15E00DF43BF /* SelfieStick */,
				D9FF7D5718CAA15E00DF43BF /* SelfieStickTests */,
				D9FF7D3718CAA15E00DF43BF /* Frameworks */,
				D9FF7D3618CAA15E00DF43BF /* Products */,
			);
			sourceTree = "<group>";
		};
		D9FF7D3618CAA15E00DF43BF /* Products */ = {
			isa = PBXGroup;
			children = (
				D9FF7D3518CAA15E00DF43BF /* SelfieStick.app */,
				D9FF7D5018CAA15E00DF43BF /* SelfieStickTests.xctest */,
			);
			name = Products;
			sourceTree = "<group>";
		};
		D9FF7D3718CAA15E00DF43BF /* Frameworks */ = {
			isa = PBXGroup;
			children = (
				D9FF7D3818CAA15E00DF43BF /* Foundation.framework */,
				D9FF7D3A18CAA15E00DF43BF /* CoreGraphics.framework */,
				D9FF7D3C18CAA15E00DF43BF /* UIKit.framework */,
				D9FF7D5118CAA15E00DF43BF /* XCTest.framework */,
			);
			name = Frameworks;
			sourceTree = "<group>";
		};
		D9FF7D3E18CAA15E00DF43BF /* SelfieStick */ = {
			isa = PBXGroup;
			children = (
				D9FF7D4718CAA15E00DF43BF /* AppDelegate.h */,
				D9FF7D4818CAA15E00DF43BF /* AppDelegate.m */,
				D9FF7D4A18CAA15E00DF43BF /* Images.xcassets */,
				D9FF7D3F18CAA15E00DF43BF /* Supporting Files */,
				D9FF7D6718CAA16A00DF43BF /* MainViewController.h */,
				D9FF7D6818CAA16A00DF43BF /* MainViewController.m */,
			);
			path = SelfieStick;
			sourceTree = "<group>";
		};
		D9FF7D3F18CAA15E00DF43BF /* Supporting Files */ = {
			isa = PBXGroup;
			children = (
				D9FF7D4018CAA15E00DF43BF /* SelfieStick-Info.plist */,
				D9FF7D4118CAA15E00DF43BF /* InfoPlist.strings */,
				D9FF7D4418CAA15E00DF43BF /* main.m */,
				D9FF7D4618CAA15E00DF43BF /* SelfieStick-Prefix.pch */,
			);
			name = "Supporting Files";
			sourceTree = "<group>";
		};
		D9FF7D5718CAA15E00DF43BF /* SelfieStickTests */ = {
			isa = PBXGroup;
			children = (
				D9FF7D5D18CAA15E00DF43BF /* SelfieStickTests.m */,
				D9FF7D5818CAA15E00DF43BF /* Supporting Files */,
			);
			path = SelfieStickTests;
			sourceTree = "<group>";
		};
		D9FF7D5818CAA15E00DF43BF /* Supporting Files */ = {
			isa = PBXGroup;
			children = (
				D9FF7D5918CAA15E00DF43BF /* SelfieStickTests-Info.plist */,
				D9FF7D5A18CAA15E00DF43BF /* InfoPlist.strings */,
			);
			name = "Supporting Files";
			sourceTree = "<group>";
		};
/* End PBXGroup section */

/* Begin PBXNativeTarget section */
		D9FF7D3418CAA15E00DF43BF /* SelfieStick */ = {
			isa = PBXNativeTarget;
			buildConfigurationList = D9FF7D6118CAA15E00DF43BF /* Build configuration list for PBXNativeTarget "SelfieStick" */;
			buildPhases = (
				D9FF7D3118CAA15E00DF43BF /* Sources */,
				D9FF7D3218CAA15E00DF43BF /* Frameworks */,
				D9FF7D3318CAA15E00DF43BF /* Resources */,
			);
			buildRules = (
			);
			dependencies = (
			);
			name = SelfieStick;
			productName = SelfieStick;
			productReference = D9FF7D3518CAA15E00DF43BF /* SelfieStick.app */;
			productType = "com.apple.product-type.application";
		};
		D9FF7D4F18CAA15E00DF43BF /* SelfieStickTests */ = {
			isa = PBXNativeTarget;
			buildConfigurationList = D9FF7D6418CAA15E00DF43BF /* Build configuration list for PBXNativeTarget "SelfieStickTests" */;
			buildPhases = (
				D9FF7D4C18CAA15E00DF43BF /* Sources */,
				D9FF7D4D18CAA15E00DF43BF /* Frameworks */,
				D9FF7D4E18CAA15E00DF43BF /* Resources */,
			);
			buildRules = (
			);
			dependencies = (
				D9FF7D5618CAA15E00DF43BF /* PBXTargetDependency */,
			);
			name = SelfieStickTests;
			productName = SelfieStickTests;
			productReference = D9FF7D5018CAA15E00DF43BF /* SelfieStickTests.xctest */;
			productType = "com.apple.product-type.bundle.unit-test";
		};
/* End PBXNativeTarget section */

/* Begin PBXProject section */
		D9FF7D2D18CAA15E00DF43BF /* Project object */ = {
			isa = PBXProject;
			attributes = {
				LastUpgradeCheck = 0500;
				ORGANIZATIONNAME = "Aaron Carambula";
				TargetAttributes = {
					D9FF7D4F18CAA15E00DF43BF = {
						TestTargetID = D9FF7D3418CAA15E00DF43BF;
					};
				};
			};
			buildConfigurationList = D9FF7D3018CAA15E00DF43BF /* Build configuration list for PBXProject "SelfieStick" */;
			compatibilityVersion = "Xcode 3.2";
			developmentRegion = English;
			hasScannedForEncodings = 0;
			knownRegions = (
				en,
			);
			mainGroup = D9FF7D2C18CAA15E00DF43BF;
			productRefGroup = D9FF7D3618CAA15E00DF43BF /* Products */;
			projectDirPath = "";
			projectRoot = "";
			targets = (
				D9FF7D3418CAA15E00DF43BF /* SelfieStick */,
				D9FF7D4F18CAA15E00DF43BF /* SelfieStickTests */,
			);
		};
/* End PBXProject section */

/* Begin PBXResourcesBuildPhase section */
		D9FF7D3318CAA15E00DF43BF /* Resources */ = {
			isa = PBXResourcesBuildPhase;
			buildActionMask = 2147483647;
			files = (
				D9FF7D4318CAA15E00DF43BF /* InfoPlist.strings in Resources */,
				D9FF7D4B18CAA15E00DF43BF /* Images.xcassets in Resources */,
			);
			runOnlyForDeploymentPostprocessing = 0;
		};
		D9FF7D4E18CAA15E00DF43BF /* Resources */ = {
			isa = PBXResourcesBuildPhase;
			buildActionMask = 2147483647;
			files = (
				D9FF7D5C18CAA15E00DF43BF /* InfoPlist.strings in Resources */,
			);
			runOnlyForDeploymentPostprocessing = 0;
		};
/* End PBXResourcesBuildPhase section */

/* Begin PBXSourcesBuildPhase section */
		D9FF7D3118CAA15E00DF43BF /* Sources */ = {
			isa = PBXSourcesBuildPhase;
			buildActionMask = 2147483647;
			files = (
				D9FF7D4918CAA15E00DF43BF /* AppDelegate.m in Sources */,
				D9FF7D6918CAA16A00DF43BF /* MainViewController.m in Sources */,
				D9FF7D4518CAA15E00DF43BF /* main.m in Sources */,
			);
			runOnlyForDeploymentPostprocessing = 0;
		};
		D9FF7D4C18CAA15E00DF43BF /* Sources */ = {
			isa = PBXSourcesBuildPhase;
			buildActionMask = 2147483647;
			files = (
				D9FF7D5E18CAA15E00DF43BF /* SelfieStickTests.m in Sources */,
			);
			runOnlyForDeploymentPostprocessing = 0;
		};
/* End PBXSourcesBuildPhase section */

/* Begin PBXTargetDependency section */
		D9FF7D5618CAA15E00DF43BF /* PBXTargetDependency */ = {
			isa = PBXTargetDependency;
			target = D9FF7D3418CAA15E00DF43BF /* SelfieStick */;
			targetProxy = D9FF7D5518CAA15E00DF43BF /* PBXContainerItemProxy */;
		};
/* End PBXTargetDependency section */

/* Begin PBXVariantGroup section */
		D9FF7D4118CAA15E00DF43BF /* InfoPlist.strings */ = {
			isa = PBXVariantGroup;
			children = (
				D9FF7D4218CAA15E00DF43BF /* en */,
			);
			name = InfoPlist.strings;
			sourceTree = "<group>";
		};
		D9FF7D5A18CAA15E00DF43BF /* InfoPlist.strings */ = {
			isa = PBXVariantGroup;
			children = (
				D9FF7D5B18CAA15E00DF43BF /* en */,
			);
			name = InfoPlist.strings;
			sourceTree = "<group>";
		};
/* End PBXVariantGroup section */

/* Begin XCBuildConfiguration section */
		D9FF7D5F18CAA15E00DF43BF /* Debug */ = {
			isa = XCBuildConfiguration;
			buildSettings = {
				ALWAYS_SEARCH_USER_PATHS = NO;
				ARCHS = "$(ARCHS_STANDARD_INCLUDING_64_BIT)";
				CLANG_CXX_LANGUAGE_STANDARD = "gnu++0x";
				CLANG_CXX_LIBRARY = "libc++";
				CLANG_ENABLE_MODULES = YES;
				CLANG_ENABLE_OBJC_ARC = YES;
				CLANG_WARN_BOOL_CONVERSION = YES;
				CLANG_WARN_CONSTANT_CONVERSION = YES;
				CLANG_WARN_DIRECT_OBJC_ISA_USAGE = YES_ERROR;
				CLANG_WARN_EMPTY_BODY = YES;
				CLANG_WARN_ENUM_CONVERSION = YES;
				CLANG_WARN_INT_CONVERSION = YES;
				CLANG_WARN_OBJC_ROOT_CLASS = YES_ERROR;
				CLANG_WARN__DUPLICATE_METHOD_MATCH = YES;
				"CODE_SIGN_IDENTITY[sdk=iphoneos*]" = "iPhone Developer";
				COPY_PHASE_STRIP = NO;
				GCC_C_LANGUAGE_STANDARD = gnu99;
				GCC_DYNAMIC_NO_PIC = NO;
				GCC_OPTIMIZATION_LEVEL = 0;
				GCC_PREPROCESSOR_DEFINITIONS = (
					"DEBUG=1",
					"$(inherited)",
				);
				GCC_SYMBOLS_PRIVATE_EXTERN = NO;
				GCC_WARN_64_TO_32_BIT_CONVERSION = YES;
				GCC_WARN_ABOUT_RETURN_TYPE = YES_ERROR;
				GCC_WARN_UNDECLARED_SELECTOR = YES;
				GCC_WARN_UNINITIALIZED_AUTOS = YES;
				GCC_WARN_UNUSED_FUNCTION = YES;
				GCC_WARN_UNUSED_VARIABLE = YES;
				IPHONEOS_DEPLOYMENT_TARGET = 7.0;
				ONLY_ACTIVE_ARCH = YES;
				SDKROOT = iphoneos;
			};
			name = Debug;
		};
		D9FF7D6018CAA15E00DF43BF /* Release */ = {
			isa = XCBuildConfiguration;
			buildSettings = {
				ALWAYS_SEARCH_USER_PATHS = NO;
				ARCHS = "$(ARCHS_STANDARD_INCLUDING_64_BIT)";
				CLANG_CXX_LANGUAGE_STANDARD = "gnu++0x";
				CLANG_CXX_LIBRARY = "libc++";
				CLANG_ENABLE_MODULES = YES;
				CLANG_ENABLE_OBJC_ARC = YES;
				CLANG_WARN_BOOL_CONVERSION = YES;
				CLANG_WARN_CONSTANT_CONVERSION = YES;
				CLANG_WARN_DIRECT_OBJC_ISA_USAGE = YES_ERROR;
				CLANG_WARN_EMPTY_BODY = YES;
				CLANG_WARN_ENUM_CONVERSION = YES;
				CLANG_WARN_INT_CONVERSION = YES;
				CLANG_WARN_OBJC_ROOT_CLASS = YES_ERROR;
				CLANG_WARN__DUPLICATE_METHOD_MATCH = YES;
				"CODE_SIGN_IDENTITY[sdk=iphoneos*]" = "iPhone Developer";
				COPY_PHASE_STRIP = YES;
				ENABLE_NS_ASSERTIONS = NO;
				GCC_C_LANGUAGE_STANDARD = gnu99;
				GCC_WARN_64_TO_32_BIT_CONVERSION = YES;
				GCC_WARN_ABOUT_RETURN_TYPE = YES_ERROR;
				GCC_WARN_UNDECLARED_SELECTOR = YES;
				GCC_WARN_UNINITIALIZED_AUTOS = YES;
				GCC_WARN_UNUSED_FUNCTION = YES;
				GCC_WARN_UNUSED_VARIABLE = YES;
				IPHONEOS_DEPLOYMENT_TARGET = 7.0;
				SDKROOT = iphoneos;
				VALIDATE_PRODUCT = YES;
			};
			name = Release;
		};
		D9FF7D6218CAA15E00DF43BF /* Debug */ = {
			isa = XCBuildConfiguration;
			buildSettings = {
				ASSETCATALOG_COMPILER_APPICON_NAME = AppIcon;
				ASSETCATALOG_COMPILER_LAUNCHIMAGE_NAME = LaunchImage;
				GCC_PRECOMPILE_PREFIX_HEADER = YES;
				GCC_PREFIX_HEADER = "SelfieStick/SelfieStick-Prefix.pch";
				INFOPLIST_FILE = "SelfieStick/SelfieStick-Info.plist";
				PRODUCT_NAME = "$(TARGET_NAME)";
				WRAPPER_EXTENSION = app;
			};
			name = Debug;
		};
		D9FF7D6318CAA15E00DF43BF /* Release */ = {
			isa = XCBuildConfiguration;
			buildSettings = {
				ASSETCATALOG_COMPILER_APPICON_NAME = AppIcon;
				ASSETCATALOG_COMPILER_LAUNCHIMAGE_NAME = LaunchImage;
				GCC_PRECOMPILE_PREFIX_HEADER = YES;
				GCC_PREFIX_HEADER = "SelfieStick/SelfieStick-Prefix.pch";
				INFOPLIST_FILE = "SelfieStick/SelfieStick-Info.plist";
				PRODUCT_NAME = "$(TARGET_NAME)";
				WRAPPER_EXTENSION = app;
			};
			name = Release;
		};
		D9FF7D6518CAA15E00DF43BF /* Debug */ = {
			isa = XCBuildConfiguration;
			buildSettings = {
				ARCHS = "$(ARCHS_STANDARD_INCLUDING_64_BIT)";
				BUNDLE_LOADER = "$(BUILT_PRODUCTS_DIR)/SelfieStick.app/SelfieStick";
				FRAMEWORK_SEARCH_PATHS = (
					"$(SDKROOT)/Developer/Library/Frameworks",
					"$(inherited)",
					"$(DEVELOPER_FRAMEWORKS_DIR)",
				);
				GCC_PRECOMPILE_PREFIX_HEADER = YES;
				GCC_PREFIX_HEADER = "SelfieStick/SelfieStick-Prefix.pch";
				GCC_PREPROCESSOR_DEFINITIONS = (
					"DEBUG=1",
					"$(inherited)",
				);
				INFOPLIST_FILE = "SelfieStickTests/SelfieStickTests-Info.plist";
				PRODUCT_NAME = "$(TARGET_NAME)";
				TEST_HOST = "$(BUNDLE_LOADER)";
				WRAPPER_EXTENSION = xctest;
			};
			name = Debug;
		};
		D9FF7D6618CAA15E00DF43BF /* Release */ = {
			isa = XCBuildConfiguration;
			buildSettings = {
				ARCHS = "$(ARCHS_STANDARD_INCLUDING_64_BIT)";
				BUNDLE_LOADER = "$(BUILT_PRODUCTS_DIR)/SelfieStick.app/SelfieStick";
				FRAMEWORK_SEARCH_PATHS = (
					"$(SDKROOT)/Developer/Library/Frameworks",
					"$(inherited)",
					"$(DEVELOPER_FRAMEWORKS_DIR)",
				);
				GCC_PRECOMPILE_PREFIX_HEADER = YES;
				GCC_PREFIX_HEADER = "SelfieStick/SelfieStick-Prefix.pch";
				INFOPLIST_FILE = "SelfieStickTests/SelfieStickTests-Info.plist";
				PRODUCT_NAME = "$(TARGET_NAME)";
				TEST_HOST = "$(BUNDLE_LOADER)";
				WRAPPER_EXTENSION = xctest;
			};
			name = Release;
		};
/* End XCBuildConfiguration section */

/* Begin XCConfigurationList section */
		D9FF7D3018CAA15E00DF43BF /* Build configuration list for PBXProject "SelfieStick" */ = {
			isa = XCConfigurationList;
			buildConfigurations = (
				D9FF7D5F18CAA15E00DF43BF /* Debug */,
				D9FF7D6018CAA15E00DF43BF /* Release */,
			);
			defaultConfigurationIsVisible = 0;
			defaultConfigurationName = Release;
		};
		D9FF7D6118CAA15E00DF43BF /* Build configuration list for PBXNativeTarget "SelfieStick" */ = {
			isa = XCConfigurationList;
			buildConfigurations = (
				D9FF7D6218CAA15E00DF43BF /* Debug */,
				D9FF7D6318CAA15E00DF43BF /* Release */,
			);
			defaultConfigurationIsVisible = 0;
		};
		D9FF7D6418CAA15E00DF43BF /* Build configuration list for PBXNativeTarget "SelfieStickTests" */ = {
			isa = XCConfigurationList;
			buildConfigurations = (
				D9FF7D6518CAA15E00DF43BF /* Debug */,
				D9FF7D6618CAA15E00DF43BF /* Release */,
			);
			defaultConfigurationIsVisible = 0;
		};
/* End XCConfigurationList section */
	};
	rootObject = D9FF7D2D18CAA15E00DF43BF /* Project object */;
}
