// !$*UTF8*$!
{
	archiveVersion = 1;
	classes = {
	};
	objectVersion = 46;
	objects = {

/* Begin PBXBuildFile section */
		D9B30DF418C91B9400613A65 /* Foundation.framework in Frameworks */ = {isa = PBXBuildFile; fileRef = D9B30DF318C91B9400613A65 /* Foundation.framework */; };
		D9B30DF618C91B9400613A65 /* CoreGraphics.framework in Frameworks */ = {isa = PBXBuildFile; fileRef = D9B30DF518C91B9400613A65 /* CoreGraphics.framework */; };
		D9B30DF818C91B9400613A65 /* UIKit.framework in Frameworks */ = {isa = PBXBuildFile; fileRef = D9B30DF718C91B9400613A65 /* UIKit.framework */; };
		D9B30DFE18C91B9400613A65 /* InfoPlist.strings in Resources */ = {isa = PBXBuildFile; fileRef = D9B30DFC18C91B9400613A65 /* InfoPlist.strings */; };
		D9B30E0018C91B9400613A65 /* main.m in Sources */ = {isa = PBXBuildFile; fileRef = D9B30DFF18C91B9400613A65 /* main.m */; };
		D9B30E0418C91B9400613A65 /* AppDelegate.m in Sources */ = {isa = PBXBuildFile; fileRef = D9B30E0318C91B9400613A65 /* AppDelegate.m */; };
		D9B30E0618C91B9400613A65 /* Images.xcassets in Resources */ = {isa = PBXBuildFile; fileRef = D9B30E0518C91B9400613A65 /* Images.xcassets */; };
		D9B30E0D18C91B9400613A65 /* XCTest.framework in Frameworks */ = {isa = PBXBuildFile; fileRef = D9B30E0C18C91B9400613A65 /* XCTest.framework */; };
		D9B30E0E18C91B9400613A65 /* Foundation.framework in Frameworks */ = {isa = PBXBuildFile; fileRef = D9B30DF318C91B9400613A65 /* Foundation.framework */; };
		D9B30E0F18C91B9400613A65 /* UIKit.framework in Frameworks */ = {isa = PBXBuildFile; fileRef = D9B30DF718C91B9400613A65 /* UIKit.framework */; };
		D9B30E1718C91B9400613A65 /* InfoPlist.strings in Resources */ = {isa = PBXBuildFile; fileRef = D9B30E1518C91B9400613A65 /* InfoPlist.strings */; };
		D9B30E1918C91B9400613A65 /* UIDynamics_DemoTests.m in Sources */ = {isa = PBXBuildFile; fileRef = D9B30E1818C91B9400613A65 /* UIDynamics_DemoTests.m */; };
		D9B30E2418C91BA100613A65 /* MainViewController.m in Sources */ = {isa = PBXBuildFile; fileRef = D9B30E2318C91BA100613A65 /* MainViewController.m */; };
/* End PBXBuildFile section */

/* Begin PBXContainerItemProxy section */
		D9B30E1018C91B9400613A65 /* PBXContainerItemProxy */ = {
			isa = PBXContainerItemProxy;
			containerPortal = D9B30DE818C91B9400613A65 /* Project object */;
			proxyType = 1;
			remoteGlobalIDString = D9B30DEF18C91B9400613A65;
			remoteInfo = "UIDynamics Demo";
		};
/* End PBXContainerItemProxy section */

/* Begin PBXFileReference section */
		D9B30DF018C91B9400613A65 /* UIDynamics Demo.app */ = {isa = PBXFileReference; explicitFileType = wrapper.application; includeInIndex = 0; path = "UIDynamics Demo.app"; sourceTree = BUILT_PRODUCTS_DIR; };
		D9B30DF318C91B9400613A65 /* Foundation.framework */ = {isa = PBXFileReference; lastKnownFileType = wrapper.framework; name = Foundation.framework; path = System/Library/Frameworks/Foundation.framework; sourceTree = SDKROOT; };
		D9B30DF518C91B9400613A65 /* CoreGraphics.framework */ = {isa = PBXFileReference; lastKnownFileType = wrapper.framework; name = CoreGraphics.framework; path = System/Library/Frameworks/CoreGraphics.framework; sourceTree = SDKROOT; };
		D9B30DF718C91B9400613A65 /* UIKit.framework */ = {isa = PBXFileReference; lastKnownFileType = wrapper.framework; name = UIKit.framework; path = System/Library/Frameworks/UIKit.framework; sourceTree = SDKROOT; };
		D9B30DFB18C91B9400613A65 /* UIDynamics Demo-Info.plist */ = {isa = PBXFileReference; lastKnownFileType = text.plist.xml; path = "UIDynamics Demo-Info.plist"; sourceTree = "<group>"; };
		D9B30DFD18C91B9400613A65 /* en */ = {isa = PBXFileReference; lastKnownFileType = text.plist.strings; name = en; path = en.lproj/InfoPlist.strings; sourceTree = "<group>"; };
		D9B30DFF18C91B9400613A65 /* main.m */ = {isa = PBXFileReference; lastKnownFileType = sourcecode.c.objc; path = main.m; sourceTree = "<group>"; };
		D9B30E0118C91B9400613A65 /* UIDynamics Demo-Prefix.pch */ = {isa = PBXFileReference; lastKnownFileType = sourcecode.c.h; path = "UIDynamics Demo-Prefix.pch"; sourceTree = "<group>"; };
		D9B30E0218C91B9400613A65 /* AppDelegate.h */ = {isa = PBXFileReference; lastKnownFileType = sourcecode.c.h; path = AppDelegate.h; sourceTree = "<group>"; };
		D9B30E0318C91B9400613A65 /* AppDelegate.m */ = {isa = PBXFileReference; lastKnownFileType = sourcecode.c.objc; path = AppDelegate.m; sourceTree = "<group>"; };
		D9B30E0518C91B9400613A65 /* Images.xcassets */ = {isa = PBXFileReference; lastKnownFileType = folder.assetcatalog; path = Images.xcassets; sourceTree = "<group>"; };
		D9B30E0B18C91B9400613A65 /* UIDynamics DemoTests.xctest */ = {isa = PBXFileReference; explicitFileType = wrapper.cfbundle; includeInIndex = 0; path = "UIDynamics DemoTests.xctest"; sourceTree = BUILT_PRODUCTS_DIR; };
		D9B30E0C18C91B9400613A65 /* XCTest.framework */ = {isa = PBXFileReference; lastKnownFileType = wrapper.framework; name = XCTest.framework; path = Library/Frameworks/XCTest.framework; sourceTree = DEVELOPER_DIR; };
		D9B30E1418C91B9400613A65 /* UIDynamics DemoTests-Info.plist */ = {isa = PBXFileReference; lastKnownFileType = text.plist.xml; path = "UIDynamics DemoTests-Info.plist"; sourceTree = "<group>"; };
		D9B30E1618C91B9400613A65 /* en */ = {isa = PBXFileReference; lastKnownFileType = text.plist.strings; name = en; path = en.lproj/InfoPlist.strings; sourceTree = "<group>"; };
		D9B30E1818C91B9400613A65 /* UIDynamics_DemoTests.m */ = {isa = PBXFileReference; lastKnownFileType = sourcecode.c.objc; path = UIDynamics_DemoTests.m; sourceTree = "<group>"; };
		D9B30E2218C91BA100613A65 /* MainViewController.h */ = {isa = PBXFileReference; fileEncoding = 4; lastKnownFileType = sourcecode.c.h; path = MainViewController.h; sourceTree = "<group>"; };
		D9B30E2318C91BA100613A65 /* MainViewController.m */ = {isa = PBXFileReference; fileEncoding = 4; lastKnownFileType = sourcecode.c.objc; path = MainViewController.m; sourceTree = "<group>"; };
/* End PBXFileReference section */

/* Begin PBXFrameworksBuildPhase section */
		D9B30DED18C91B9400613A65 /* Frameworks */ = {
			isa = PBXFrameworksBuildPhase;
			buildActionMask = 2147483647;
			files = (
				D9B30DF618C91B9400613A65 /* CoreGraphics.framework in Frameworks */,
				D9B30DF818C91B9400613A65 /* UIKit.framework in Frameworks */,
				D9B30DF418C91B9400613A65 /* Foundation.framework in Frameworks */,
			);
			runOnlyForDeploymentPostprocessing = 0;
		};
		D9B30E0818C91B9400613A65 /* Frameworks */ = {
			isa = PBXFrameworksBuildPhase;
			buildActionMask = 2147483647;
			files = (
				D9B30E0D18C91B9400613A65 /* XCTest.framework in Frameworks */,
				D9B30E0F18C91B9400613A65 /* UIKit.framework in Frameworks */,
				D9B30E0E18C91B9400613A65 /* Foundation.framework in Frameworks */,
			);
			runOnlyForDeploymentPostprocessing = 0;
		};
/* End PBXFrameworksBuildPhase section */

/* Begin PBXGroup section */
		D9B30DE718C91B9400613A65 = {
			isa = PBXGroup;
			children = (
				D9B30DF918C91B9400613A65 /* UIDynamics Demo */,
				D9B30E1218C91B9400613A65 /* UIDynamics DemoTests */,
				D9B30DF218C91B9400613A65 /* Frameworks */,
				D9B30DF118C91B9400613A65 /* Products */,
			);
			sourceTree = "<group>";
		};
		D9B30DF118C91B9400613A65 /* Products */ = {
			isa = PBXGroup;
			children = (
				D9B30DF018C91B9400613A65 /* UIDynamics Demo.app */,
				D9B30E0B18C91B9400613A65 /* UIDynamics DemoTests.xctest */,
			);
			name = Products;
			sourceTree = "<group>";
		};
		D9B30DF218C91B9400613A65 /* Frameworks */ = {
			isa = PBXGroup;
			children = (
				D9B30DF318C91B9400613A65 /* Foundation.framework */,
				D9B30DF518C91B9400613A65 /* CoreGraphics.framework */,
				D9B30DF718C91B9400613A65 /* UIKit.framework */,
				D9B30E0C18C91B9400613A65 /* XCTest.framework */,
			);
			name = Frameworks;
			sourceTree = "<group>";
		};
		D9B30DF918C91B9400613A65 /* UIDynamics Demo */ = {
			isa = PBXGroup;
			children = (
				D9B30E0218C91B9400613A65 /* AppDelegate.h */,
				D9B30E0318C91B9400613A65 /* AppDelegate.m */,
				D9B30E0518C91B9400613A65 /* Images.xcassets */,
				D9B30DFA18C91B9400613A65 /* Supporting Files */,
				D9B30E2218C91BA100613A65 /* MainViewController.h */,
				D9B30E2318C91BA100613A65 /* MainViewController.m */,
			);
			path = "UIDynamics Demo";
			sourceTree = "<group>";
		};
		D9B30DFA18C91B9400613A65 /* Supporting Files */ = {
			isa = PBXGroup;
			children = (
				D9B30DFB18C91B9400613A65 /* UIDynamics Demo-Info.plist */,
				D9B30DFC18C91B9400613A65 /* InfoPlist.strings */,
				D9B30DFF18C91B9400613A65 /* main.m */,
				D9B30E0118C91B9400613A65 /* UIDynamics Demo-Prefix.pch */,
			);
			name = "Supporting Files";
			sourceTree = "<group>";
		};
		D9B30E1218C91B9400613A65 /* UIDynamics DemoTests */ = {
			isa = PBXGroup;
			children = (
				D9B30E1818C91B9400613A65 /* UIDynamics_DemoTests.m */,
				D9B30E1318C91B9400613A65 /* Supporting Files */,
			);
			path = "UIDynamics DemoTests";
			sourceTree = "<group>";
		};
		D9B30E1318C91B9400613A65 /* Supporting Files */ = {
			isa = PBXGroup;
			children = (
				D9B30E1418C91B9400613A65 /* UIDynamics DemoTests-Info.plist */,
				D9B30E1518C91B9400613A65 /* InfoPlist.strings */,
			);
			name = "Supporting Files";
			sourceTree = "<group>";
		};
/* End PBXGroup section */

/* Begin PBXNativeTarget section */
		D9B30DEF18C91B9400613A65 /* UIDynamics Demo */ = {
			isa = PBXNativeTarget;
			buildConfigurationList = D9B30E1C18C91B9400613A65 /* Build configuration list for PBXNativeTarget "UIDynamics Demo" */;
			buildPhases = (
				D9B30DEC18C91B9400613A65 /* Sources */,
				D9B30DED18C91B9400613A65 /* Frameworks */,
				D9B30DEE18C91B9400613A65 /* Resources */,
			);
			buildRules = (
			);
			dependencies = (
			);
			name = "UIDynamics Demo";
			productName = "UIDynamics Demo";
			productReference = D9B30DF018C91B9400613A65 /* UIDynamics Demo.app */;
			productType = "com.apple.product-type.application";
		};
		D9B30E0A18C91B9400613A65 /* UIDynamics DemoTests */ = {
			isa = PBXNativeTarget;
			buildConfigurationList = D9B30E1F18C91B9400613A65 /* Build configuration list for PBXNativeTarget "UIDynamics DemoTests" */;
			buildPhases = (
				D9B30E0718C91B9400613A65 /* Sources */,
				D9B30E0818C91B9400613A65 /* Frameworks */,
				D9B30E0918C91B9400613A65 /* Resources */,
			);
			buildRules = (
			);
			dependencies = (
				D9B30E1118C91B9400613A65 /* PBXTargetDependency */,
			);
			name = "UIDynamics DemoTests";
			productName = "UIDynamics DemoTests";
			productReference = D9B30E0B18C91B9400613A65 /* UIDynamics DemoTests.xctest */;
			productType = "com.apple.product-type.bundle.unit-test";
		};
/* End PBXNativeTarget section */

/* Begin PBXProject section */
		D9B30DE818C91B9400613A65 /* Project object */ = {
			isa = PBXProject;
			attributes = {
				LastUpgradeCheck = 0500;
				ORGANIZATIONNAME = "Aaron Carambula";
				TargetAttributes = {
					D9B30E0A18C91B9400613A65 = {
						TestTargetID = D9B30DEF18C91B9400613A65;
					};
				};
			};
			buildConfigurationList = D9B30DEB18C91B9400613A65 /* Build configuration list for PBXProject "UIDynamics Demo" */;
			compatibilityVersion = "Xcode 3.2";
			developmentRegion = English;
			hasScannedForEncodings = 0;
			knownRegions = (
				en,
			);
			mainGroup = D9B30DE718C91B9400613A65;
			productRefGroup = D9B30DF118C91B9400613A65 /* Products */;
			projectDirPath = "";
			projectRoot = "";
			targets = (
				D9B30DEF18C91B9400613A65 /* UIDynamics Demo */,
				D9B30E0A18C91B9400613A65 /* UIDynamics DemoTests */,
			);
		};
/* End PBXProject section */

/* Begin PBXResourcesBuildPhase section */
		D9B30DEE18C91B9400613A65 /* Resources */ = {
			isa = PBXResourcesBuildPhase;
			buildActionMask = 2147483647;
			files = (
				D9B30DFE18C91B9400613A65 /* InfoPlist.strings in Resources */,
				D9B30E0618C91B9400613A65 /* Images.xcassets in Resources */,
			);
			runOnlyForDeploymentPostprocessing = 0;
		};
		D9B30E0918C91B9400613A65 /* Resources */ = {
			isa = PBXResourcesBuildPhase;
			buildActionMask = 2147483647;
			files = (
				D9B30E1718C91B9400613A65 /* InfoPlist.strings in Resources */,
			);
			runOnlyForDeploymentPostprocessing = 0;
		};
/* End PBXResourcesBuildPhase section */

/* Begin PBXSourcesBuildPhase section */
		D9B30DEC18C91B9400613A65 /* Sources */ = {
			isa = PBXSourcesBuildPhase;
			buildActionMask = 2147483647;
			files = (
				D9B30E0418C91B9400613A65 /* AppDelegate.m in Sources */,
				D9B30E2418C91BA100613A65 /* MainViewController.m in Sources */,
				D9B30E0018C91B9400613A65 /* main.m in Sources */,
			);
			runOnlyForDeploymentPostprocessing = 0;
		};
		D9B30E0718C91B9400613A65 /* Sources */ = {
			isa = PBXSourcesBuildPhase;
			buildActionMask = 2147483647;
			files = (
				D9B30E1918C91B9400613A65 /* UIDynamics_DemoTests.m in Sources */,
			);
			runOnlyForDeploymentPostprocessing = 0;
		};
/* End PBXSourcesBuildPhase section */

/* Begin PBXTargetDependency section */
		D9B30E1118C91B9400613A65 /* PBXTargetDependency */ = {
			isa = PBXTargetDependency;
			target = D9B30DEF18C91B9400613A65 /* UIDynamics Demo */;
			targetProxy = D9B30E1018C91B9400613A65 /* PBXContainerItemProxy */;
		};
/* End PBXTargetDependency section */

/* Begin PBXVariantGroup section */
		D9B30DFC18C91B9400613A65 /* InfoPlist.strings */ = {
			isa = PBXVariantGroup;
			children = (
				D9B30DFD18C91B9400613A65 /* en */,
			);
			name = InfoPlist.strings;
			sourceTree = "<group>";
		};
		D9B30E1518C91B9400613A65 /* InfoPlist.strings */ = {
			isa = PBXVariantGroup;
			children = (
				D9B30E1618C91B9400613A65 /* en */,
			);
			name = InfoPlist.strings;
			sourceTree = "<group>";
		};
/* End PBXVariantGroup section */

/* Begin XCBuildConfiguration section */
		D9B30E1A18C91B9400613A65 /* Debug */ = {
			isa = XCBuildConfiguration;
			buildSettings = {
				ALWAYS_SEARCH_USER_PATHS = NO;
				ARCHS = "$(ARCHS_STANDARD_INCLUDING_64_BIT)";
				CLANG_CXX_LANGUAGE_STANDARD = "gnu++0x";
				CLANG_CXX_LIBRARY = "libc++";
				CLANG_ENABLE_MODULES = YES;
				CLANG_ENABLE_OBJC_ARC = YES;
				CLANG_WARN_BOOL_CONVERSION = YES;
				CLANG_WARN_CONSTANT_CONVERSION = YES;
				CLANG_WARN_DIRECT_OBJC_ISA_USAGE = YES_ERROR;
				CLANG_WARN_EMPTY_BODY = YES;
				CLANG_WARN_ENUM_CONVERSION = YES;
				CLANG_WARN_INT_CONVERSION = YES;
				CLANG_WARN_OBJC_ROOT_CLASS = YES_ERROR;
				CLANG_WARN__DUPLICATE_METHOD_MATCH = YES;
				"CODE_SIGN_IDENTITY[sdk=iphoneos*]" = "iPhone Developer";
				COPY_PHASE_STRIP = NO;
				GCC_C_LANGUAGE_STANDARD = gnu99;
				GCC_DYNAMIC_NO_PIC = NO;
				GCC_OPTIMIZATION_LEVEL = 0;
				GCC_PREPROCESSOR_DEFINITIONS = (
					"DEBUG=1",
					"$(inherited)",
				);
				GCC_SYMBOLS_PRIVATE_EXTERN = NO;
				GCC_WARN_64_TO_32_BIT_CONVERSION = YES;
				GCC_WARN_ABOUT_RETURN_TYPE = YES_ERROR;
				GCC_WARN_UNDECLARED_SELECTOR = YES;
				GCC_WARN_UNINITIALIZED_AUTOS = YES;
				GCC_WARN_UNUSED_FUNCTION = YES;
				GCC_WARN_UNUSED_VARIABLE = YES;
				IPHONEOS_DEPLOYMENT_TARGET = 7.0;
				ONLY_ACTIVE_ARCH = YES;
				SDKROOT = iphoneos;
			};
			name = Debug;
		};
		D9B30E1B18C91B9400613A65 /* Release */ = {
			isa = XCBuildConfiguration;
			buildSettings = {
				ALWAYS_SEARCH_USER_PATHS = NO;
				ARCHS = "$(ARCHS_STANDARD_INCLUDING_64_BIT)";
				CLANG_CXX_LANGUAGE_STANDARD = "gnu++0x";
				CLANG_CXX_LIBRARY = "libc++";
				CLANG_ENABLE_MODULES = YES;
				CLANG_ENABLE_OBJC_ARC = YES;
				CLANG_WARN_BOOL_CONVERSION = YES;
				CLANG_WARN_CONSTANT_CONVERSION = YES;
				CLANG_WARN_DIRECT_OBJC_ISA_USAGE = YES_ERROR;
				CLANG_WARN_EMPTY_BODY = YES;
				CLANG_WARN_ENUM_CONVERSION = YES;
				CLANG_WARN_INT_CONVERSION = YES;
				CLANG_WARN_OBJC_ROOT_CLASS = YES_ERROR;
				CLANG_WARN__DUPLICATE_METHOD_MATCH = YES;
				"CODE_SIGN_IDENTITY[sdk=iphoneos*]" = "iPhone Developer";
				COPY_PHASE_STRIP = YES;
				ENABLE_NS_ASSERTIONS = NO;
				GCC_C_LANGUAGE_STANDARD = gnu99;
				GCC_WARN_64_TO_32_BIT_CONVERSION = YES;
				GCC_WARN_ABOUT_RETURN_TYPE = YES_ERROR;
				GCC_WARN_UNDECLARED_SELECTOR = YES;
				GCC_WARN_UNINITIALIZED_AUTOS = YES;
				GCC_WARN_UNUSED_FUNCTION = YES;
				GCC_WARN_UNUSED_VARIABLE = YES;
				IPHONEOS_DEPLOYMENT_TARGET = 7.0;
				SDKROOT = iphoneos;
				VALIDATE_PRODUCT = YES;
			};
			name = Release;
		};
		D9B30E1D18C91B9400613A65 /* Debug */ = {
			isa = XCBuildConfiguration;
			buildSettings = {
				ASSETCATALOG_COMPILER_APPICON_NAME = AppIcon;
				ASSETCATALOG_COMPILER_LAUNCHIMAGE_NAME = LaunchImage;
				GCC_PRECOMPILE_PREFIX_HEADER = YES;
				GCC_PREFIX_HEADER = "UIDynamics Demo/UIDynamics Demo-Prefix.pch";
				INFOPLIST_FILE = "UIDynamics Demo/UIDynamics Demo-Info.plist";
				PRODUCT_NAME = "$(TARGET_NAME)";
				WRAPPER_EXTENSION = app;
			};
			name = Debug;
		};
		D9B30E1E18C91B9400613A65 /* Release */ = {
			isa = XCBuildConfiguration;
			buildSettings = {
				ASSETCATALOG_COMPILER_APPICON_NAME = AppIcon;
				ASSETCATALOG_COMPILER_LAUNCHIMAGE_NAME = LaunchImage;
				GCC_PRECOMPILE_PREFIX_HEADER = YES;
				GCC_PREFIX_HEADER = "UIDynamics Demo/UIDynamics Demo-Prefix.pch";
				INFOPLIST_FILE = "UIDynamics Demo/UIDynamics Demo-Info.plist";
				PRODUCT_NAME = "$(TARGET_NAME)";
				WRAPPER_EXTENSION = app;
			};
			name = Release;
		};
		D9B30E2018C91B9400613A65 /* Debug */ = {
			isa = XCBuildConfiguration;
			buildSettings = {
				ARCHS = "$(ARCHS_STANDARD_INCLUDING_64_BIT)";
				BUNDLE_LOADER = "$(BUILT_PRODUCTS_DIR)/UIDynamics Demo.app/UIDynamics Demo";
				FRAMEWORK_SEARCH_PATHS = (
					"$(SDKROOT)/Developer/Library/Frameworks",
					"$(inherited)",
					"$(DEVELOPER_FRAMEWORKS_DIR)",
				);
				GCC_PRECOMPILE_PREFIX_HEADER = YES;
				GCC_PREFIX_HEADER = "UIDynamics Demo/UIDynamics Demo-Prefix.pch";
				GCC_PREPROCESSOR_DEFINITIONS = (
					"DEBUG=1",
					"$(inherited)",
				);
				INFOPLIST_FILE = "UIDynamics DemoTests/UIDynamics DemoTests-Info.plist";
				PRODUCT_NAME = "$(TARGET_NAME)";
				TEST_HOST = "$(BUNDLE_LOADER)";
				WRAPPER_EXTENSION = xctest;
			};
			name = Debug;
		};
		D9B30E2118C91B9400613A65 /* Release */ = {
			isa = XCBuildConfiguration;
			buildSettings = {
				ARCHS = "$(ARCHS_STANDARD_INCLUDING_64_BIT)";
				BUNDLE_LOADER = "$(BUILT_PRODUCTS_DIR)/UIDynamics Demo.app/UIDynamics Demo";
				FRAMEWORK_SEARCH_PATHS = (
					"$(SDKROOT)/Developer/Library/Frameworks",
					"$(inherited)",
					"$(DEVELOPER_FRAMEWORKS_DIR)",
				);
				GCC_PRECOMPILE_PREFIX_HEADER = YES;
				GCC_PREFIX_HEADER = "UIDynamics Demo/UIDynamics Demo-Prefix.pch";
				INFOPLIST_FILE = "UIDynamics DemoTests/UIDynamics DemoTests-Info.plist";
				PRODUCT_NAME = "$(TARGET_NAME)";
				TEST_HOST = "$(BUNDLE_LOADER)";
				WRAPPER_EXTENSION = xctest;
			};
			name = Release;
		};
/* End XCBuildConfiguration section */

/* Begin XCConfigurationList section */
		D9B30DEB18C91B9400613A65 /* Build configuration list for PBXProject "UIDynamics Demo" */ = {
			isa = XCConfigurationList;
			buildConfigurations = (
				D9B30E1A18C91B9400613A65 /* Debug */,
				D9B30E1B18C91B9400613A65 /* Release */,
			);
			defaultConfigurationIsVisible = 0;
			defaultConfigurationName = Release;
		};
		D9B30E1C18C91B9400613A65 /* Build configuration list for PBXNativeTarget "UIDynamics Demo" */ = {
			isa = XCConfigurationList;
			buildConfigurations = (
				D9B30E1D18C91B9400613A65 /* Debug */,
				D9B30E1E18C91B9400613A65 /* Release */,
			);
			defaultConfigurationIsVisible = 0;
		};
		D9B30E1F18C91B9400613A65 /* Build configuration list for PBXNativeTarget "UIDynamics DemoTests" */ = {
			isa = XCConfigurationList;
			buildConfigurations = (
				D9B30E2018C91B9400613A65 /* Debug */,
				D9B30E2118C91B9400613A65 /* Release */,
			);
			defaultConfigurationIsVisible = 0;
		};
/* End XCConfigurationList section */
	};
	rootObject = D9B30DE818C91B9400613A65 /* Project object */;
}
