// !$*UTF8*$!
{
	archiveVersion = 1;
	classes = {
	};
	objectVersion = 46;
	objects = {

/* Begin PBXBuildFile section */
		D90529C718AAC17C00298D07 /* Foundation.framework in Frameworks */ = {isa = PBXBuildFile; fileRef = D90529C618AAC17C00298D07 /* Foundation.framework */; };
		D90529C918AAC17C00298D07 /* CoreGraphics.framework in Frameworks */ = {isa = PBXBuildFile; fileRef = D90529C818AAC17C00298D07 /* CoreGraphics.framework */; };
		D90529CB18AAC17C00298D07 /* UIKit.framework in Frameworks */ = {isa = PBXBuildFile; fileRef = D90529CA18AAC17C00298D07 /* UIKit.framework */; };
		D90529D118AAC17C00298D07 /* InfoPlist.strings in Resources */ = {isa = PBXBuildFile; fileRef = D90529CF18AAC17C00298D07 /* InfoPlist.strings */; };
		D90529D318AAC17C00298D07 /* main.m in Sources */ = {isa = PBXBuildFile; fileRef = D90529D218AAC17C00298D07 /* main.m */; };
		D90529D718AAC17C00298D07 /* AppDelegate.m in Sources */ = {isa = PBXBuildFile; fileRef = D90529D618AAC17C00298D07 /* AppDelegate.m */; };
		D90529D918AAC17C00298D07 /* Images.xcassets in Resources */ = {isa = PBXBuildFile; fileRef = D90529D818AAC17C00298D07 /* Images.xcassets */; };
		D90529E018AAC17C00298D07 /* XCTest.framework in Frameworks */ = {isa = PBXBuildFile; fileRef = D90529DF18AAC17C00298D07 /* XCTest.framework */; };
		D90529E118AAC17C00298D07 /* Foundation.framework in Frameworks */ = {isa = PBXBuildFile; fileRef = D90529C618AAC17C00298D07 /* Foundation.framework */; };
		D90529E218AAC17C00298D07 /* UIKit.framework in Frameworks */ = {isa = PBXBuildFile; fileRef = D90529CA18AAC17C00298D07 /* UIKit.framework */; };
		D90529EA18AAC17C00298D07 /* InfoPlist.strings in Resources */ = {isa = PBXBuildFile; fileRef = D90529E818AAC17C00298D07 /* InfoPlist.strings */; };
		D90529EC18AAC17C00298D07 /* demoTests.m in Sources */ = {isa = PBXBuildFile; fileRef = D90529EB18AAC17C00298D07 /* demoTests.m */; };
		D90529F818AAC23700298D07 /* MainViewController.m in Sources */ = {isa = PBXBuildFile; fileRef = D90529F618AAC23700298D07 /* MainViewController.m */; };
		D90529F918AAC23700298D07 /* MainViewController.xib in Resources */ = {isa = PBXBuildFile; fileRef = D90529F718AAC23700298D07 /* MainViewController.xib */; };
		D90529FB18AAC43F00298D07 /* i_location@2x.png in Resources */ = {isa = PBXBuildFile; fileRef = D90529FA18AAC43F00298D07 /* i_location@2x.png */; };
/* End PBXBuildFile section */

/* Begin PBXContainerItemProxy section */
		D90529E318AAC17C00298D07 /* PBXContainerItemProxy */ = {
			isa = PBXContainerItemProxy;
			containerPortal = D90529BB18AAC17C00298D07 /* Project object */;
			proxyType = 1;
			remoteGlobalIDString = D90529C218AAC17C00298D07;
			remoteInfo = demo;
		};
/* End PBXContainerItemProxy section */

/* Begin PBXFileReference section */
		D90529C318AAC17C00298D07 /* demo.app */ = {isa = PBXFileReference; explicitFileType = wrapper.application; includeInIndex = 0; path = demo.app; sourceTree = BUILT_PRODUCTS_DIR; };
		D90529C618AAC17C00298D07 /* Foundation.framework */ = {isa = PBXFileReference; lastKnownFileType = wrapper.framework; name = Foundation.framework; path = System/Library/Frameworks/Foundation.framework; sourceTree = SDKROOT; };
		D90529C818AAC17C00298D07 /* CoreGraphics.framework */ = {isa = PBXFileReference; lastKnownFileType = wrapper.framework; name = CoreGraphics.framework; path = System/Library/Frameworks/CoreGraphics.framework; sourceTree = SDKROOT; };
		D90529CA18AAC17C00298D07 /* UIKit.framework */ = {isa = PBXFileReference; lastKnownFileType = wrapper.framework; name = UIKit.framework; path = System/Library/Frameworks/UIKit.framework; sourceTree = SDKROOT; };
		D90529CE18AAC17C00298D07 /* demo-Info.plist */ = {isa = PBXFileReference; lastKnownFileType = text.plist.xml; path = "demo-Info.plist"; sourceTree = "<group>"; };
		D90529D018AAC17C00298D07 /* en */ = {isa = PBXFileReference; lastKnownFileType = text.plist.strings; name = en; path = en.lproj/InfoPlist.strings; sourceTree = "<group>"; };
		D90529D218AAC17C00298D07 /* main.m */ = {isa = PBXFileReference; lastKnownFileType = sourcecode.c.objc; path = main.m; sourceTree = "<group>"; };
		D90529D418AAC17C00298D07 /* demo-Prefix.pch */ = {isa = PBXFileReference; lastKnownFileType = sourcecode.c.h; path = "demo-Prefix.pch"; sourceTree = "<group>"; };
		D90529D518AAC17C00298D07 /* AppDelegate.h */ = {isa = PBXFileReference; lastKnownFileType = sourcecode.c.h; path = AppDelegate.h; sourceTree = "<group>"; };
		D90529D618AAC17C00298D07 /* AppDelegate.m */ = {isa = PBXFileReference; lastKnownFileType = sourcecode.c.objc; path = AppDelegate.m; sourceTree = "<group>"; };
		D90529D818AAC17C00298D07 /* Images.xcassets */ = {isa = PBXFileReference; lastKnownFileType = folder.assetcatalog; path = Images.xcassets; sourceTree = "<group>"; };
		D90529DE18AAC17C00298D07 /* demoTests.xctest */ = {isa = PBXFileReference; explicitFileType = wrapper.cfbundle; includeInIndex = 0; path = demoTests.xctest; sourceTree = BUILT_PRODUCTS_DIR; };
		D90529DF18AAC17C00298D07 /* XCTest.framework */ = {isa = PBXFileReference; lastKnownFileType = wrapper.framework; name = XCTest.framework; path = Library/Frameworks/XCTest.framework; sourceTree = DEVELOPER_DIR; };
		D90529E718AAC17C00298D07 /* demoTests-Info.plist */ = {isa = PBXFileReference; lastKnownFileType = text.plist.xml; path = "demoTests-Info.plist"; sourceTree = "<group>"; };
		D90529E918AAC17C00298D07 /* en */ = {isa = PBXFileReference; lastKnownFileType = text.plist.strings; name = en; path = en.lproj/InfoPlist.strings; sourceTree = "<group>"; };
		D90529EB18AAC17C00298D07 /* demoTests.m */ = {isa = PBXFileReference; lastKnownFileType = sourcecode.c.objc; path = demoTests.m; sourceTree = "<group>"; };
		D90529F518AAC23700298D07 /* MainViewController.h */ = {isa = PBXFileReference; fileEncoding = 4; lastKnownFileType = sourcecode.c.h; path = MainViewController.h; sourceTree = "<group>"; };
		D90529F618AAC23700298D07 /* MainViewController.m */ = {isa = PBXFileReference; fileEncoding = 4; lastKnownFileType = sourcecode.c.objc; path = MainViewController.m; sourceTree = "<group>"; };
		D90529F718AAC23700298D07 /* MainViewController.xib */ = {isa = PBXFileReference; fileEncoding = 4; lastKnownFileType = file.xib; path = MainViewController.xib; sourceTree = "<group>"; };
		D90529FA18AAC43F00298D07 /* i_location@2x.png */ = {isa = PBXFileReference; lastKnownFileType = image.png; name = "i_location@2x.png"; path = "../i_location@2x.png"; sourceTree = "<group>"; };
/* End PBXFileReference section */

/* Begin PBXFrameworksBuildPhase section */
		D90529C018AAC17C00298D07 /* Frameworks */ = {
			isa = PBXFrameworksBuildPhase;
			buildActionMask = 2147483647;
			files = (
				D90529C918AAC17C00298D07 /* CoreGraphics.framework in Frameworks */,
				D90529CB18AAC17C00298D07 /* UIKit.framework in Frameworks */,
				D90529C718AAC17C00298D07 /* Foundation.framework in Frameworks */,
			);
			runOnlyForDeploymentPostprocessing = 0;
		};
		D90529DB18AAC17C00298D07 /* Frameworks */ = {
			isa = PBXFrameworksBuildPhase;
			buildActionMask = 2147483647;
			files = (
				D90529E018AAC17C00298D07 /* XCTest.framework in Frameworks */,
				D90529E218AAC17C00298D07 /* UIKit.framework in Frameworks */,
				D90529E118AAC17C00298D07 /* Foundation.framework in Frameworks */,
			);
			runOnlyForDeploymentPostprocessing = 0;
		};
/* End PBXFrameworksBuildPhase section */

/* Begin PBXGroup section */
		D90529BA18AAC17C00298D07 = {
			isa = PBXGroup;
			children = (
				D90529CC18AAC17C00298D07 /* demo */,
				D90529E518AAC17C00298D07 /* demoTests */,
				D90529C518AAC17C00298D07 /* Frameworks */,
				D90529C418AAC17C00298D07 /* Products */,
			);
			sourceTree = "<group>";
		};
		D90529C418AAC17C00298D07 /* Products */ = {
			isa = PBXGroup;
			children = (
				D90529C318AAC17C00298D07 /* demo.app */,
				D90529DE18AAC17C00298D07 /* demoTests.xctest */,
			);
			name = Products;
			sourceTree = "<group>";
		};
		D90529C518AAC17C00298D07 /* Frameworks */ = {
			isa = PBXGroup;
			children = (
				D90529C618AAC17C00298D07 /* Foundation.framework */,
				D90529C818AAC17C00298D07 /* CoreGraphics.framework */,
				D90529CA18AAC17C00298D07 /* UIKit.framework */,
				D90529DF18AAC17C00298D07 /* XCTest.framework */,
			);
			name = Frameworks;
			sourceTree = "<group>";
		};
		D90529CC18AAC17C00298D07 /* demo */ = {
			isa = PBXGroup;
			children = (
				D90529FA18AAC43F00298D07 /* i_location@2x.png */,
				D90529D518AAC17C00298D07 /* AppDelegate.h */,
				D90529D618AAC17C00298D07 /* AppDelegate.m */,
				D90529D818AAC17C00298D07 /* Images.xcassets */,
				D90529CD18AAC17C00298D07 /* Supporting Files */,
				D90529F518AAC23700298D07 /* MainViewController.h */,
				D90529F618AAC23700298D07 /* MainViewController.m */,
				D90529F718AAC23700298D07 /* MainViewController.xib */,
			);
			path = demo;
			sourceTree = "<group>";
		};
		D90529CD18AAC17C00298D07 /* Supporting Files */ = {
			isa = PBXGroup;
			children = (
				D90529CE18AAC17C00298D07 /* demo-Info.plist */,
				D90529CF18AAC17C00298D07 /* InfoPlist.strings */,
				D90529D218AAC17C00298D07 /* main.m */,
				D90529D418AAC17C00298D07 /* demo-Prefix.pch */,
			);
			name = "Supporting Files";
			sourceTree = "<group>";
		};
		D90529E518AAC17C00298D07 /* demoTests */ = {
			isa = PBXGroup;
			children = (
				D90529EB18AAC17C00298D07 /* demoTests.m */,
				D90529E618AAC17C00298D07 /* Supporting Files */,
			);
			path = demoTests;
			sourceTree = "<group>";
		};
		D90529E618AAC17C00298D07 /* Supporting Files */ = {
			isa = PBXGroup;
			children = (
				D90529E718AAC17C00298D07 /* demoTests-Info.plist */,
				D90529E818AAC17C00298D07 /* InfoPlist.strings */,
			);
			name = "Supporting Files";
			sourceTree = "<group>";
		};
/* End PBXGroup section */

/* Begin PBXNativeTarget section */
		D90529C218AAC17C00298D07 /* demo */ = {
			isa = PBXNativeTarget;
			buildConfigurationList = D90529EF18AAC17C00298D07 /* Build configuration list for PBXNativeTarget "demo" */;
			buildPhases = (
				D90529BF18AAC17C00298D07 /* Sources */,
				D90529C018AAC17C00298D07 /* Frameworks */,
				D90529C118AAC17C00298D07 /* Resources */,
			);
			buildRules = (
			);
			dependencies = (
			);
			name = demo;
			productName = demo;
			productReference = D90529C318AAC17C00298D07 /* demo.app */;
			productType = "com.apple.product-type.application";
		};
		D90529DD18AAC17C00298D07 /* demoTests */ = {
			isa = PBXNativeTarget;
			buildConfigurationList = D90529F218AAC17C00298D07 /* Build configuration list for PBXNativeTarget "demoTests" */;
			buildPhases = (
				D90529DA18AAC17C00298D07 /* Sources */,
				D90529DB18AAC17C00298D07 /* Frameworks */,
				D90529DC18AAC17C00298D07 /* Resources */,
			);
			buildRules = (
			);
			dependencies = (
				D90529E418AAC17C00298D07 /* PBXTargetDependency */,
			);
			name = demoTests;
			productName = demoTests;
			productReference = D90529DE18AAC17C00298D07 /* demoTests.xctest */;
			productType = "com.apple.product-type.bundle.unit-test";
		};
/* End PBXNativeTarget section */

/* Begin PBXProject section */
		D90529BB18AAC17C00298D07 /* Project object */ = {
			isa = PBXProject;
			attributes = {
				LastUpgradeCheck = 0500;
				ORGANIZATIONNAME = "Aaron Carambula";
				TargetAttributes = {
					D90529DD18AAC17C00298D07 = {
						TestTargetID = D90529C218AAC17C00298D07;
					};
				};
			};
			buildConfigurationList = D90529BE18AAC17C00298D07 /* Build configuration list for PBXProject "demo" */;
			compatibilityVersion = "Xcode 3.2";
			developmentRegion = English;
			hasScannedForEncodings = 0;
			knownRegions = (
				en,
			);
			mainGroup = D90529BA18AAC17C00298D07;
			productRefGroup = D90529C418AAC17C00298D07 /* Products */;
			projectDirPath = "";
			projectRoot = "";
			targets = (
				D90529C218AAC17C00298D07 /* demo */,
				D90529DD18AAC17C00298D07 /* demoTests */,
			);
		};
/* End PBXProject section */

/* Begin PBXResourcesBuildPhase section */
		D90529C118AAC17C00298D07 /* Resources */ = {
			isa = PBXResourcesBuildPhase;
			buildActionMask = 2147483647;
			files = (
				D90529D118AAC17C00298D07 /* InfoPlist.strings in Resources */,
				D90529F918AAC23700298D07 /* MainViewController.xib in Resources */,
				D90529D918AAC17C00298D07 /* Images.xcassets in Resources */,
				D90529FB18AAC43F00298D07 /* i_location@2x.png in Resources */,
			);
			runOnlyForDeploymentPostprocessing = 0;
		};
		D90529DC18AAC17C00298D07 /* Resources */ = {
			isa = PBXResourcesBuildPhase;
			buildActionMask = 2147483647;
			files = (
				D90529EA18AAC17C00298D07 /* InfoPlist.strings in Resources */,
			);
			runOnlyForDeploymentPostprocessing = 0;
		};
/* End PBXResourcesBuildPhase section */

/* Begin PBXSourcesBuildPhase section */
		D90529BF18AAC17C00298D07 /* Sources */ = {
			isa = PBXSourcesBuildPhase;
			buildActionMask = 2147483647;
			files = (
				D90529D718AAC17C00298D07 /* AppDelegate.m in Sources */,
				D90529F818AAC23700298D07 /* MainViewController.m in Sources */,
				D90529D318AAC17C00298D07 /* main.m in Sources */,
			);
			runOnlyForDeploymentPostprocessing = 0;
		};
		D90529DA18AAC17C00298D07 /* Sources */ = {
			isa = PBXSourcesBuildPhase;
			buildActionMask = 2147483647;
			files = (
				D90529EC18AAC17C00298D07 /* demoTests.m in Sources */,
			);
			runOnlyForDeploymentPostprocessing = 0;
		};
/* End PBXSourcesBuildPhase section */

/* Begin PBXTargetDependency section */
		D90529E418AAC17C00298D07 /* PBXTargetDependency */ = {
			isa = PBXTargetDependency;
			target = D90529C218AAC17C00298D07 /* demo */;
			targetProxy = D90529E318AAC17C00298D07 /* PBXContainerItemProxy */;
		};
/* End PBXTargetDependency section */

/* Begin PBXVariantGroup section */
		D90529CF18AAC17C00298D07 /* InfoPlist.strings */ = {
			isa = PBXVariantGroup;
			children = (
				D90529D018AAC17C00298D07 /* en */,
			);
			name = InfoPlist.strings;
			sourceTree = "<group>";
		};
		D90529E818AAC17C00298D07 /* InfoPlist.strings */ = {
			isa = PBXVariantGroup;
			children = (
				D90529E918AAC17C00298D07 /* en */,
			);
			name = InfoPlist.strings;
			sourceTree = "<group>";
		};
/* End PBXVariantGroup section */

/* Begin XCBuildConfiguration section */
		D90529ED18AAC17C00298D07 /* Debug */ = {
			isa = XCBuildConfiguration;
			buildSettings = {
				ALWAYS_SEARCH_USER_PATHS = NO;
				ARCHS = "$(ARCHS_STANDARD_INCLUDING_64_BIT)";
				CLANG_CXX_LANGUAGE_STANDARD = "gnu++0x";
				CLANG_CXX_LIBRARY = "libc++";
				CLANG_ENABLE_MODULES = YES;
				CLANG_ENABLE_OBJC_ARC = YES;
				CLANG_WARN_BOOL_CONVERSION = YES;
				CLANG_WARN_CONSTANT_CONVERSION = YES;
				CLANG_WARN_DIRECT_OBJC_ISA_USAGE = YES_ERROR;
				CLANG_WARN_EMPTY_BODY = YES;
				CLANG_WARN_ENUM_CONVERSION = YES;
				CLANG_WARN_INT_CONVERSION = YES;
				CLANG_WARN_OBJC_ROOT_CLASS = YES_ERROR;
				CLANG_WARN__DUPLICATE_METHOD_MATCH = YES;
				"CODE_SIGN_IDENTITY[sdk=iphoneos*]" = "iPhone Developer";
				COPY_PHASE_STRIP = NO;
				GCC_C_LANGUAGE_STANDARD = gnu99;
				GCC_DYNAMIC_NO_PIC = NO;
				GCC_OPTIMIZATION_LEVEL = 0;
				GCC_PREPROCESSOR_DEFINITIONS = (
					"DEBUG=1",
					"$(inherited)",
				);
				GCC_SYMBOLS_PRIVATE_EXTERN = NO;
				GCC_WARN_64_TO_32_BIT_CONVERSION = YES;
				GCC_WARN_ABOUT_RETURN_TYPE = YES_ERROR;
				GCC_WARN_UNDECLARED_SELECTOR = YES;
				GCC_WARN_UNINITIALIZED_AUTOS = YES;
				GCC_WARN_UNUSED_FUNCTION = YES;
				GCC_WARN_UNUSED_VARIABLE = YES;
				IPHONEOS_DEPLOYMENT_TARGET = 7.0;
				ONLY_ACTIVE_ARCH = YES;
				SDKROOT = iphoneos;
				TARGETED_DEVICE_FAMILY = "1,2";
			};
			name = Debug;
		};
		D90529EE18AAC17C00298D07 /* Release */ = {
			isa = XCBuildConfiguration;
			buildSettings = {
				ALWAYS_SEARCH_USER_PATHS = NO;
				ARCHS = "$(ARCHS_STANDARD_INCLUDING_64_BIT)";
				CLANG_CXX_LANGUAGE_STANDARD = "gnu++0x";
				CLANG_CXX_LIBRARY = "libc++";
				CLANG_ENABLE_MODULES = YES;
				CLANG_ENABLE_OBJC_ARC = YES;
				CLANG_WARN_BOOL_CONVERSION = YES;
				CLANG_WARN_CONSTANT_CONVERSION = YES;
				CLANG_WARN_DIRECT_OBJC_ISA_USAGE = YES_ERROR;
				CLANG_WARN_EMPTY_BODY = YES;
				CLANG_WARN_ENUM_CONVERSION = YES;
				CLANG_WARN_INT_CONVERSION = YES;
				CLANG_WARN_OBJC_ROOT_CLASS = YES_ERROR;
				CLANG_WARN__DUPLICATE_METHOD_MATCH = YES;
				"CODE_SIGN_IDENTITY[sdk=iphoneos*]" = "iPhone Developer";
				COPY_PHASE_STRIP = YES;
				ENABLE_NS_ASSERTIONS = NO;
				GCC_C_LANGUAGE_STANDARD = gnu99;
				GCC_WARN_64_TO_32_BIT_CONVERSION = YES;
				GCC_WARN_ABOUT_RETURN_TYPE = YES_ERROR;
				GCC_WARN_UNDECLARED_SELECTOR = YES;
				GCC_WARN_UNINITIALIZED_AUTOS = YES;
				GCC_WARN_UNUSED_FUNCTION = YES;
				GCC_WARN_UNUSED_VARIABLE = YES;
				IPHONEOS_DEPLOYMENT_TARGET = 7.0;
				SDKROOT = iphoneos;
				TARGETED_DEVICE_FAMILY = "1,2";
				VALIDATE_PRODUCT = YES;
			};
			name = Release;
		};
		D90529F018AAC17C00298D07 /* Debug */ = {
			isa = XCBuildConfiguration;
			buildSettings = {
				ASSETCATALOG_COMPILER_APPICON_NAME = AppIcon;
				ASSETCATALOG_COMPILER_LAUNCHIMAGE_NAME = LaunchImage;
				GCC_PRECOMPILE_PREFIX_HEADER = YES;
				GCC_PREFIX_HEADER = "demo/demo-Prefix.pch";
				INFOPLIST_FILE = "demo/demo-Info.plist";
				PRODUCT_NAME = "$(TARGET_NAME)";
				WRAPPER_EXTENSION = app;
			};
			name = Debug;
		};
		D90529F118AAC17C00298D07 /* Release */ = {
			isa = XCBuildConfiguration;
			buildSettings = {
				ASSETCATALOG_COMPILER_APPICON_NAME = AppIcon;
				ASSETCATALOG_COMPILER_LAUNCHIMAGE_NAME = LaunchImage;
				GCC_PRECOMPILE_PREFIX_HEADER = YES;
				GCC_PREFIX_HEADER = "demo/demo-Prefix.pch";
				INFOPLIST_FILE = "demo/demo-Info.plist";
				PRODUCT_NAME = "$(TARGET_NAME)";
				WRAPPER_EXTENSION = app;
			};
			name = Release;
		};
		D90529F318AAC17C00298D07 /* Debug */ = {
			isa = XCBuildConfiguration;
			buildSettings = {
				ARCHS = "$(ARCHS_STANDARD_INCLUDING_64_BIT)";
				BUNDLE_LOADER = "$(BUILT_PRODUCTS_DIR)/demo.app/demo";
				FRAMEWORK_SEARCH_PATHS = (
					"$(SDKROOT)/Developer/Library/Frameworks",
					"$(inherited)",
					"$(DEVELOPER_FRAMEWORKS_DIR)",
				);
				GCC_PRECOMPILE_PREFIX_HEADER = YES;
				GCC_PREFIX_HEADER = "demo/demo-Prefix.pch";
				GCC_PREPROCESSOR_DEFINITIONS = (
					"DEBUG=1",
					"$(inherited)",
				);
				INFOPLIST_FILE = "demoTests/demoTests-Info.plist";
				PRODUCT_NAME = "$(TARGET_NAME)";
				TEST_HOST = "$(BUNDLE_LOADER)";
				WRAPPER_EXTENSION = xctest;
			};
			name = Debug;
		};
		D90529F418AAC17C00298D07 /* Release */ = {
			isa = XCBuildConfiguration;
			buildSettings = {
				ARCHS = "$(ARCHS_STANDARD_INCLUDING_64_BIT)";
				BUNDLE_LOADER = "$(BUILT_PRODUCTS_DIR)/demo.app/demo";
				FRAMEWORK_SEARCH_PATHS = (
					"$(SDKROOT)/Developer/Library/Frameworks",
					"$(inherited)",
					"$(DEVELOPER_FRAMEWORKS_DIR)",
				);
				GCC_PRECOMPILE_PREFIX_HEADER = YES;
				GCC_PREFIX_HEADER = "demo/demo-Prefix.pch";
				INFOPLIST_FILE = "demoTests/demoTests-Info.plist";
				PRODUCT_NAME = "$(TARGET_NAME)";
				TEST_HOST = "$(BUNDLE_LOADER)";
				WRAPPER_EXTENSION = xctest;
			};
			name = Release;
		};
/* End XCBuildConfiguration section */

/* Begin XCConfigurationList section */
		D90529BE18AAC17C00298D07 /* Build configuration list for PBXProject "demo" */ = {
			isa = XCConfigurationList;
			buildConfigurations = (
				D90529ED18AAC17C00298D07 /* Debug */,
				D90529EE18AAC17C00298D07 /* Release */,
			);
			defaultConfigurationIsVisible = 0;
			defaultConfigurationName = Release;
		};
		D90529EF18AAC17C00298D07 /* Build configuration list for PBXNativeTarget "demo" */ = {
			isa = XCConfigurationList;
			buildConfigurations = (
				D90529F018AAC17C00298D07 /* Debug */,
				D90529F118AAC17C00298D07 /* Release */,
			);
			defaultConfigurationIsVisible = 0;
		};
		D90529F218AAC17C00298D07 /* Build configuration list for PBXNativeTarget "demoTests" */ = {
			isa = XCConfigurationList;
			buildConfigurations = (
				D90529F318AAC17C00298D07 /* Debug */,
				D90529F418AAC17C00298D07 /* Release */,
			);
			defaultConfigurationIsVisible = 0;
		};
/* End XCConfigurationList section */
	};
	rootObject = D90529BB18AAC17C00298D07 /* Project object */;
}
